// !$*UTF8*$!
{
	archiveVersion = 1;
	classes = {
	};
	objectVersion = 46;
	objects = {

/* Begin PBXBuildFile section */
		0711C36D18F4288500F3FBE1 /* GameCenterAuthenticationSpec.m in Sources */ = {isa = PBXBuildFile; fileRef = 0711C36C18F4288500F3FBE1 /* GameCenterAuthenticationSpec.m */; };
		0719465C18EC34F0006D3995 /* CCDirector+PopTransition.m in Sources */ = {isa = PBXBuildFile; fileRef = 0719465B18EC34F0006D3995 /* CCDirector+PopTransition.m */; };
		073972C518BE1EA00093812A /* GameCenterAuthentication.m in Sources */ = {isa = PBXBuildFile; fileRef = 073972C418BE1EA00093812A /* GameCenterAuthentication.m */; };
		0760AE6B18A7F318001BF64D /* Images.xcassets in Resources */ = {isa = PBXBuildFile; fileRef = 0760AE6A18A7F318001BF64D /* Images.xcassets */; };
		0770CD7118DF30B800A616D3 /* XCTest.framework in Frameworks */ = {isa = PBXBuildFile; fileRef = 0770CD7018DF30B800A616D3 /* XCTest.framework */; };
		0770CD7218DF30B800A616D3 /* Foundation.framework in Frameworks */ = {isa = PBXBuildFile; fileRef = 07D263391816B28E0060E3E9 /* Foundation.framework */; };
		0770CD7318DF30B800A616D3 /* UIKit.framework in Frameworks */ = {isa = PBXBuildFile; fileRef = 07D263371816B28E0060E3E9 /* UIKit.framework */; };
		0770CD7918DF30B800A616D3 /* InfoPlist.strings in Resources */ = {isa = PBXBuildFile; fileRef = 0770CD7718DF30B800A616D3 /* InfoPlist.strings */; };
		0770CD7B18DF30B800A616D3 /* NavigationStateMachineSpec.m in Sources */ = {isa = PBXBuildFile; fileRef = 0770CD7A18DF30B800A616D3 /* NavigationStateMachineSpec.m */; };
		079B972118B2408C00B53776 /* CCDirector.m in Sources */ = {isa = PBXBuildFile; fileRef = 079B972018B2408C00B53776 /* CCDirector.m */; settings = {COMPILER_FLAGS = "-fno-objc-arc"; }; };
		07B38BE71817F2560065C07E /* Bomber2DSpec.m in Sources */ = {isa = PBXBuildFile; fileRef = 07B38BE61817F2560065C07E /* Bomber2DSpec.m */; };
		07BA15F418DF1683000CD614 /* CCDirectorIOS.m in Sources */ = {isa = PBXBuildFile; fileRef = 079B971D18B2403C00B53776 /* CCDirectorIOS.m */; };
		07C325AE18B1847800056340 /* AdDelegateSpec.m in Sources */ = {isa = PBXBuildFile; fileRef = 07C325AD18B1847800056340 /* AdDelegateSpec.m */; };
		07C325B618B1920600056340 /* AdDelegate.m in Sources */ = {isa = PBXBuildFile; fileRef = 07C325B518B1920600056340 /* AdDelegate.m */; };
		07C325B718B1920600056340 /* AdDelegate.m in Sources */ = {isa = PBXBuildFile; fileRef = 07C325B518B1920600056340 /* AdDelegate.m */; };
		07C325BE18B19A6200056340 /* CCDirectorIOS+Tracking.m in Sources */ = {isa = PBXBuildFile; fileRef = 07C325BD18B19A6200056340 /* CCDirectorIOS+Tracking.m */; };
		07CA14D518AFD68200ED424C /* iAd.framework in Frameworks */ = {isa = PBXBuildFile; fileRef = 07CA14D418AFD68200ED424C /* iAd.framework */; };
		07CD70FC18EEDC6C00D39665 /* gamefnt.fnt in Resources */ = {isa = PBXBuildFile; fileRef = 07CD70FA18EEDC6C00D39665 /* gamefnt.fnt */; };
		07CD70FD18EEDC6C00D39665 /* gamefnt.png in Resources */ = {isa = PBXBuildFile; fileRef = 07CD70FB18EEDC6C00D39665 /* gamefnt.png */; };
		07D2632E1816B28E0060E3E9 /* QuartzCore.framework in Frameworks */ = {isa = PBXBuildFile; fileRef = 07D2632D1816B28E0060E3E9 /* QuartzCore.framework */; };
		07D263301816B28E0060E3E9 /* OpenGLES.framework in Frameworks */ = {isa = PBXBuildFile; fileRef = 07D2632F1816B28E0060E3E9 /* OpenGLES.framework */; };
		07D263321816B28E0060E3E9 /* OpenAL.framework in Frameworks */ = {isa = PBXBuildFile; fileRef = 07D263311816B28E0060E3E9 /* OpenAL.framework */; };
		07D263341816B28E0060E3E9 /* AudioToolbox.framework in Frameworks */ = {isa = PBXBuildFile; fileRef = 07D263331816B28E0060E3E9 /* AudioToolbox.framework */; };
		07D263361816B28E0060E3E9 /* AVFoundation.framework in Frameworks */ = {isa = PBXBuildFile; fileRef = 07D263351816B28E0060E3E9 /* AVFoundation.framework */; };
		07D263381816B28E0060E3E9 /* UIKit.framework in Frameworks */ = {isa = PBXBuildFile; fileRef = 07D263371816B28E0060E3E9 /* UIKit.framework */; };
		07D2633A1816B28E0060E3E9 /* Foundation.framework in Frameworks */ = {isa = PBXBuildFile; fileRef = 07D263391816B28E0060E3E9 /* Foundation.framework */; };
		07D2633C1816B28E0060E3E9 /* CoreGraphics.framework in Frameworks */ = {isa = PBXBuildFile; fileRef = 07D2633B1816B28E0060E3E9 /* CoreGraphics.framework */; };
		07D2633E1816B28E0060E3E9 /* CoreText.framework in Frameworks */ = {isa = PBXBuildFile; fileRef = 07D2633D1816B28E0060E3E9 /* CoreText.framework */; };
		07D263401816B28E0060E3E9 /* GameKit.framework in Frameworks */ = {isa = PBXBuildFile; fileRef = 07D2633F1816B28E0060E3E9 /* GameKit.framework */; };
		07D263591816B28E0060E3E9 /* iTunesArtwork in Resources */ = {isa = PBXBuildFile; fileRef = 07D263581816B28E0060E3E9 /* iTunesArtwork */; };
		07D264D11816B28F0060E3E9 /* main.m in Sources */ = {isa = PBXBuildFile; fileRef = 07D264D01816B28F0060E3E9 /* main.m */; };
		07D264E61816B64A0060E3E9 /* UIKit.framework in Frameworks */ = {isa = PBXBuildFile; fileRef = 07D263371816B28E0060E3E9 /* UIKit.framework */; };
		07D264E71816B64A0060E3E9 /* Foundation.framework in Frameworks */ = {isa = PBXBuildFile; fileRef = 07D263391816B28E0060E3E9 /* Foundation.framework */; };
		07D264E81816B64A0060E3E9 /* CoreGraphics.framework in Frameworks */ = {isa = PBXBuildFile; fileRef = 07D2633B1816B28E0060E3E9 /* CoreGraphics.framework */; };
		07D264EE1816B64A0060E3E9 /* InfoPlist.strings in Resources */ = {isa = PBXBuildFile; fileRef = 07D264EC1816B64A0060E3E9 /* InfoPlist.strings */; };
		07D264F01816B64A0060E3E9 /* main.m in Sources */ = {isa = PBXBuildFile; fileRef = 07D264EF1816B64A0060E3E9 /* main.m */; };
		07D47E9318DF263C005AFA9B /* RunIPhoneLaunchDaemons.sh in Resources */ = {isa = PBXBuildFile; fileRef = 07D47E9218DF263C005AFA9B /* RunIPhoneLaunchDaemons.sh */; };
		2FA280449616A84071160E28 /* RandomLocationChooserSpec.m in Sources */ = {isa = PBXBuildFile; fileRef = 2FA289283D7553CFAE0C517E /* RandomLocationChooserSpec.m */; };
		2FA28067662F9A354E862A05 /* StandardRandomNumberGenerator.m in Sources */ = {isa = PBXBuildFile; fileRef = 2FA28F21DFF4F53C8AC9C4EA /* StandardRandomNumberGenerator.m */; };
		2FA280D926088C4536C0CEE4 /* CreditsLayer.m in Sources */ = {isa = PBXBuildFile; fileRef = 2FA289DBAFB46DEC4772166E /* CreditsLayer.m */; };
		2FA280DE9A8FD209D289EFA0 /* CocosDirectorAdapter.m in Sources */ = {isa = PBXBuildFile; fileRef = 2FA28E6B3906CC834272B745 /* CocosDirectorAdapter.m */; };
		2FA281A5E03EBB4D50B98D61 /* game-sprites0-hd.plist in Resources */ = {isa = PBXBuildFile; fileRef = 2FA2829A5DCBE4EAB01D6930 /* game-sprites0-hd.plist */; };
		2FA28275A7EDE30FE9BC8AE6 /* Buckets.m in Sources */ = {isa = PBXBuildFile; fileRef = 2FA284445034A66D23A69772 /* Buckets.m */; };
		2FA28277CBE37E442EE28CA2 /* Constants.m in Sources */ = {isa = PBXBuildFile; fileRef = 2FA28430631AA55FE5C45FD3 /* Constants.m */; };
		2FA2829A3C3769945D9185A0 /* game-sprites0-hd.pvr.ccz in Resources */ = {isa = PBXBuildFile; fileRef = 2FA284C0376F996E7C784DEB /* game-sprites0-hd.pvr.ccz */; };
		2FA282BEEFACA43B0F69E24E /* SizeService.m in Sources */ = {isa = PBXBuildFile; fileRef = 2FA28F4FF183F08F0285ECF1 /* SizeService.m */; };
		2FA28446EDF0DD2103EEDC43 /* Bomber2D.m in Sources */ = {isa = PBXBuildFile; fileRef = 2FA288C49F5E6138D1521493 /* Bomber2D.m */; };
		2FA2847B7ADE3F3A576E13ED /* LevelCollectionArray.m in Sources */ = {isa = PBXBuildFile; fileRef = 2FA28A213D5E2AA4D42254DE /* LevelCollectionArray.m */; };
		2FA2848DBEA0DE68A420B424 /* ccbParticleFire.png in Resources */ = {isa = PBXBuildFile; fileRef = 2FA2834D0BFC9AED16E8A193 /* ccbParticleFire.png */; };
		2FA284C3992F3F77B375852F /* NavigationStateMachine.m in Sources */ = {isa = PBXBuildFile; fileRef = 2FA280314410E325AF264C38 /* NavigationStateMachine.m */; };
		2FA2850029BDCDB0D2BE7EBC /* KaboomSpec.m in Sources */ = {isa = PBXBuildFile; fileRef = 2FA28C951EF791E384FF0C5E /* KaboomSpec.m */; };
		2FA28522E9A7CE30113818E2 /* Level.m in Sources */ = {isa = PBXBuildFile; fileRef = 2FA285B4F1CB77AEE9B1B660 /* Level.m */; };
		2FA28584F239869EB9CABEC0 /* bomb.wav in Resources */ = {isa = PBXBuildFile; fileRef = 2FA28408982A64B570F0A04F /* bomb.wav */; };
		2FA28591DA97CC60FF6CFBB8 /* RandomLocationChooser.m in Sources */ = {isa = PBXBuildFile; fileRef = 2FA2841FD75301789CE52605 /* RandomLocationChooser.m */; };
		2FA285A0E29ED47D1417F7BC /* Bomb2D.m in Sources */ = {isa = PBXBuildFile; fileRef = 2FA28A0F951445B45AF12061 /* Bomb2D.m */; };
		2FA285B1824CBBFED0CDF631 /* Buckets.m in Sources */ = {isa = PBXBuildFile; fileRef = 2FA284445034A66D23A69772 /* Buckets.m */; };
		2FA28617B8B29674F6E738CE /* ScalerSpec.m in Sources */ = {isa = PBXBuildFile; fileRef = 2FA28E68543525AEC83E8566 /* ScalerSpec.m */; };
		2FA28622B00C64CDC2A430FB /* Bucket2DSpec.m in Sources */ = {isa = PBXBuildFile; fileRef = 2FA282D9ED0C82F0A0F4CE3C /* Bucket2DSpec.m */; };
		2FA2866F546500DC3C127660 /* StandardRandomNumberGenerator.m in Sources */ = {isa = PBXBuildFile; fileRef = 2FA28F21DFF4F53C8AC9C4EA /* StandardRandomNumberGenerator.m */; };
		2FA286855900F769D7D19113 /* Bomb2D.m in Sources */ = {isa = PBXBuildFile; fileRef = 2FA28A0F951445B45AF12061 /* Bomb2D.m */; };
		2FA2871A0CAE5085D7576269 /* CocosDirectorAdapterSpec.m in Sources */ = {isa = PBXBuildFile; fileRef = 2FA28DA11ADAA5FD74711564 /* CocosDirectorAdapterSpec.m */; };
		2FA2873CA30BED837038A7E1 /* game-sprites0-ipadhd.pvr.ccz in Resources */ = {isa = PBXBuildFile; fileRef = 2FA28270A068547733860AAF /* game-sprites0-ipadhd.pvr.ccz */; };
		2FA2874B87DFE4D62B9CE510 /* game-sprites0-ipadhd.plist in Resources */ = {isa = PBXBuildFile; fileRef = 2FA28BF6E5BC3FA799A9ABE6 /* game-sprites0-ipadhd.plist */; };
		2FA2883B02F5B0DE568C0706 /* Kaboom.m in Sources */ = {isa = PBXBuildFile; fileRef = 2FA28DCCDD0B042977B8775F /* Kaboom.m */; };
		2FA2885FB423D63C32A85F02 /* GameBlackboardSpec.m in Sources */ = {isa = PBXBuildFile; fileRef = 2FA28C348025798254AAD049 /* GameBlackboardSpec.m */; };
		2FA2886317E0E94DFC24C2A0 /* LevelCollectionProceduralSpec.m in Sources */ = {isa = PBXBuildFile; fileRef = 2FA286604CD3EBA1BA926481 /* LevelCollectionProceduralSpec.m */; };
		2FA288989FCAB68F9681B376 /* MainMenuLayer.m in Sources */ = {isa = PBXBuildFile; fileRef = 2FA28CE317604F54EED0AD84 /* MainMenuLayer.m */; };
		2FA2889AADDBAFFEC7433782 /* AppDelegate.m in Sources */ = {isa = PBXBuildFile; fileRef = 2FA28F5202D6444CC2ABC705 /* AppDelegate.m */; };
		2FA2889FA9FC0F6AF87FD3EB /* Level.h in Resources */ = {isa = PBXBuildFile; fileRef = 2FA28612CEA00A6F1F1D8BC2 /* Level.h */; };
		2FA288ED10E147DC9C66C8A7 /* LevelCollectionArray.m in Sources */ = {isa = PBXBuildFile; fileRef = 2FA28A213D5E2AA4D42254DE /* LevelCollectionArray.m */; };
		2FA288FEE49CFAADEEA0BF55 /* BucketsNode.m in Sources */ = {isa = PBXBuildFile; fileRef = 2FA28AA88E0D958362D9515B /* BucketsNode.m */; };
		2FA28905668E783012CD756C /* CocosDirectorAdapter.m in Sources */ = {isa = PBXBuildFile; fileRef = 2FA28E6B3906CC834272B745 /* CocosDirectorAdapter.m */; };
		2FA28952F8519C00B911B914 /* Scaler.m in Sources */ = {isa = PBXBuildFile; fileRef = 2FA28CC1029F55EBD494A6F9 /* Scaler.m */; };
		2FA2896F9C34F5E0E4487024 /* LevelCollectionProcedural.m in Sources */ = {isa = PBXBuildFile; fileRef = 2FA288CD6F2A6B463AD13C13 /* LevelCollectionProcedural.m */; };
		2FA2897B2FC16B183100CF7F /* RandomLocationChooser.m in Sources */ = {isa = PBXBuildFile; fileRef = 2FA2841FD75301789CE52605 /* RandomLocationChooser.m */; };
		2FA2898DEF1DCCF802D7C7C2 /* .!13545!TemplateIcon.icns in Resources */ = {isa = PBXBuildFile; fileRef = 2FA28105F8AD8513D6714DA3 /* .!13545!TemplateIcon.icns */; };
		2FA28A2308B558C0FA0218CD /* BucketSprite.m in Sources */ = {isa = PBXBuildFile; fileRef = 2FA28288670853BDF8083AB2 /* BucketSprite.m */; };
		2FA28A270551D32BE0807572 /* game-sprites0.plist in Resources */ = {isa = PBXBuildFile; fileRef = 2FA284004DB4B04BB8B8DA23 /* game-sprites0.plist */; };
		2FA28A2FCE93A3EFF656B840 /* BucketsSpec.m in Sources */ = {isa = PBXBuildFile; fileRef = 2FA2893A4D9A61B3A1D7A549 /* BucketsSpec.m */; };
		2FA28A4C733A233C5C9C32A6 /* BombExplosion.m in Sources */ = {isa = PBXBuildFile; fileRef = 2FA284B4C0D2EDB6A139A2E0 /* BombExplosion.m */; };
		2FA28A522C69779A46FC8B92 /* levels.plist in Resources */ = {isa = PBXBuildFile; fileRef = 2FA28D81C30296DC88C95456 /* levels.plist */; };
		2FA28AB5646A4158A188BCDA /* fire.png in Resources */ = {isa = PBXBuildFile; fileRef = 2FA2821851BD13F77BC6DB45 /* fire.png */; };
		2FA28AC343FF904DAB2BF688 /* Bucket2D.m in Sources */ = {isa = PBXBuildFile; fileRef = 2FA287DA0D8E53F7D32A1E3C /* Bucket2D.m */; };
		2FA28ACA306F3795C98AACE1 /* KaboomContext.m in Sources */ = {isa = PBXBuildFile; fileRef = 2FA28909FD433915F3B7FE42 /* KaboomContext.m */; };
		2FA28B0BEF2BDE743479EC33 /* KaboomContextSpec.m in Sources */ = {isa = PBXBuildFile; fileRef = 2FA2802A728717D4501CDA2B /* KaboomContextSpec.m */; };
		2FA28B50C9E063A7A90D5662 /* Level.h in Resources */ = {isa = PBXBuildFile; fileRef = 2FA28612CEA00A6F1F1D8BC2 /* Level.h */; };
		2FA28B90AA567533093C1591 /* LevelCollectionProcedural.m in Sources */ = {isa = PBXBuildFile; fileRef = 2FA288CD6F2A6B463AD13C13 /* LevelCollectionProcedural.m */; };
		2FA28BBBEFF99088AAB6453B /* Bomb2DSpec.m in Sources */ = {isa = PBXBuildFile; fileRef = 2FA28B4FE3808BC2ED19D445 /* Bomb2DSpec.m */; };
		2FA28BFED97CB28C1B9DB0CA /* GameBlackboard.m in Sources */ = {isa = PBXBuildFile; fileRef = 2FA28F2ED082B6BB64024A4E /* GameBlackboard.m */; };
		2FA28C3BD6D0820F1456F781 /* ScaledSprite.m in Sources */ = {isa = PBXBuildFile; fileRef = 2FA2827BAA6F31FC49BE0E29 /* ScaledSprite.m */; };
		2FA28C456D50E80F1F5FF4C8 /* BomberSprite.m in Sources */ = {isa = PBXBuildFile; fileRef = 2FA285481EF46AADB0F024DB /* BomberSprite.m */; };
		2FA28C6B3C9B8761C9875AF2 /* titlefnt.fnt in Resources */ = {isa = PBXBuildFile; fileRef = 2FA284A887CC331251A98EF5 /* titlefnt.fnt */; };
		2FA28C7735C51230240E21B1 /* SizeServiceSpec.m in Sources */ = {isa = PBXBuildFile; fileRef = 2FA28C92BD5E24522964CED7 /* SizeServiceSpec.m */; };
		2FA28C81C391BD41E6ACAA07 /* KaboomLayer.m in Sources */ = {isa = PBXBuildFile; fileRef = 2FA28F43377C8334BFCE6A95 /* KaboomLayer.m */; };
		2FA28C8D7E43F5E71EA1F6DB /* catch.wav in Resources */ = {isa = PBXBuildFile; fileRef = 2FA2802FCB805A565D204AC7 /* catch.wav */; };
		2FA28C99D74E192153936D49 /* Bucket2D.m in Sources */ = {isa = PBXBuildFile; fileRef = 2FA287DA0D8E53F7D32A1E3C /* Bucket2D.m */; };
		2FA28CBA92A5A6F7CA25505D /* Constants.m in Sources */ = {isa = PBXBuildFile; fileRef = 2FA28430631AA55FE5C45FD3 /* Constants.m */; };
		2FA28D1BBCF9EAF7B2B86FA9 /* Kaboom.m in Sources */ = {isa = PBXBuildFile; fileRef = 2FA28DCCDD0B042977B8775F /* Kaboom.m */; };
		2FA28D3CB596C6B8E6CF7A5C /* SizeService.m in Sources */ = {isa = PBXBuildFile; fileRef = 2FA28F4FF183F08F0285ECF1 /* SizeService.m */; };
		2FA28D424079F98F48463E58 /* KaboomContext.m in Sources */ = {isa = PBXBuildFile; fileRef = 2FA28909FD433915F3B7FE42 /* KaboomContext.m */; };
		2FA28DAE8944A9C8292E2CBF /* Event.m in Sources */ = {isa = PBXBuildFile; fileRef = 2FA28A1F15291BDB03525501 /* Event.m */; };
		2FA28DF15037C1C0F5A6C777 /* .!13545!TemplateIcon.icns in Resources */ = {isa = PBXBuildFile; fileRef = 2FA28105F8AD8513D6714DA3 /* .!13545!TemplateIcon.icns */; };
		2FA28E4937C3999A510C3470 /* Event.m in Sources */ = {isa = PBXBuildFile; fileRef = 2FA28A1F15291BDB03525501 /* Event.m */; };
		2FA28E8FD18A7C77CB780772 /* titlefnt.png in Resources */ = {isa = PBXBuildFile; fileRef = 2FA280467F68158FD9401ACF /* titlefnt.png */; };
		2FA28EBE6573BD70FB5058EB /* CocosSizeStrategy.m in Sources */ = {isa = PBXBuildFile; fileRef = 2FA287BA3BADD11E5C604A31 /* CocosSizeStrategy.m */; };
		2FA28EF3472AD27B423BA8EE /* Level.m in Sources */ = {isa = PBXBuildFile; fileRef = 2FA285B4F1CB77AEE9B1B660 /* Level.m */; };
		2FA28EF3A60F4095A5A21F0D /* LevelCollectionArraySpec.m in Sources */ = {isa = PBXBuildFile; fileRef = 2FA28612B5FBC34E37E817B2 /* LevelCollectionArraySpec.m */; };
		2FA28EFCBF7E9A44AB505581 /* Bomber2D.m in Sources */ = {isa = PBXBuildFile; fileRef = 2FA288C49F5E6138D1521493 /* Bomber2D.m */; };
		2FA28F487E88D7EBF1BDB766 /* game-sprites0.pvr.ccz in Resources */ = {isa = PBXBuildFile; fileRef = 2FA28C0FCD010FE38E7163C7 /* game-sprites0.pvr.ccz */; };
		2FA28F54212A0DE8FAC5B443 /* Scaler.m in Sources */ = {isa = PBXBuildFile; fileRef = 2FA28CC1029F55EBD494A6F9 /* Scaler.m */; };
		2FA28F5FF0EA2C257D86CF35 /* NavigationStateMachine.m in Sources */ = {isa = PBXBuildFile; fileRef = 2FA280314410E325AF264C38 /* NavigationStateMachine.m */; };
		2FA28F76808879FBD6B5FDFE /* GameBlackboard.m in Sources */ = {isa = PBXBuildFile; fileRef = 2FA28F2ED082B6BB64024A4E /* GameBlackboard.m */; };
		2FA28FAE434F1CDF86E96CDB /* IconsAndLaunchImages in Resources */ = {isa = PBXBuildFile; fileRef = 2FA28274FBE09AC781269CB5 /* IconsAndLaunchImages */; };
		2FA28FB8F0CD2AA6F8628946 /* BombSprite.m in Sources */ = {isa = PBXBuildFile; fileRef = 2FA289DFAA6766D477DC0BEF /* BombSprite.m */; };
		2FA28FCA846999174EDB0E36 /* DST-Garote.caf in Resources */ = {isa = PBXBuildFile; fileRef = 2FA283F458F3A3C2EBDBD4DF /* DST-Garote.caf */; };
		97625092F84B419FABCA0395 /* libPods-Specs.a in Frameworks */ = {isa = PBXBuildFile; fileRef = B054B6BB2B7D42C19CBCC376 /* libPods-Specs.a */; };
		C588C841647E44E8B44AE753 /* libPods-Kaboom.a in Frameworks */ = {isa = PBXBuildFile; fileRef = 3ED61CA0C6924F2E930BD93C /* libPods-Kaboom.a */; };
		D4A85B945DB841C8AE598E9C /* libPods-KaboomTests.a in Frameworks */ = {isa = PBXBuildFile; fileRef = F7EBC9AAC8BA4D3099119D2F /* libPods-KaboomTests.a */; };
/* End PBXBuildFile section */

/* Begin PBXContainerItemProxy section */
		0770CD7D18DF30B800A616D3 /* PBXContainerItemProxy */ = {
			isa = PBXContainerItemProxy;
			containerPortal = 07D263221816B28E0060E3E9 /* Project object */;
			proxyType = 1;
			remoteGlobalIDString = 07D263291816B28E0060E3E9;
			remoteInfo = Kaboom;
		};
/* End PBXContainerItemProxy section */

/* Begin PBXFileReference section */
		0711C36C18F4288500F3FBE1 /* GameCenterAuthenticationSpec.m */ = {isa = PBXFileReference; fileEncoding = 4; lastKnownFileType = sourcecode.c.objc; name = GameCenterAuthenticationSpec.m; path = iOS/GameCenterAuthenticationSpec.m; sourceTree = "<group>"; };
		0719465A18EC34F0006D3995 /* CCDirector+PopTransition.h */ = {isa = PBXFileReference; fileEncoding = 4; lastKnownFileType = sourcecode.c.h; path = "CCDirector+PopTransition.h"; sourceTree = "<group>"; };
		0719465B18EC34F0006D3995 /* CCDirector+PopTransition.m */ = {isa = PBXFileReference; fileEncoding = 4; lastKnownFileType = sourcecode.c.objc; path = "CCDirector+PopTransition.m"; sourceTree = "<group>"; };
		073972C318BE1EA00093812A /* GameCenterAuthentication.h */ = {isa = PBXFileReference; fileEncoding = 4; lastKnownFileType = sourcecode.c.h; path = GameCenterAuthentication.h; sourceTree = "<group>"; };
		073972C418BE1EA00093812A /* GameCenterAuthentication.m */ = {isa = PBXFileReference; fileEncoding = 4; lastKnownFileType = sourcecode.c.objc; path = GameCenterAuthentication.m; sourceTree = "<group>"; };
		0741FD2718EAE2780041EC9C /* NavigationDelegate.h */ = {isa = PBXFileReference; lastKnownFileType = sourcecode.c.h; path = NavigationDelegate.h; sourceTree = "<group>"; };
		0760AE6A18A7F318001BF64D /* Images.xcassets */ = {isa = PBXFileReference; lastKnownFileType = folder.assetcatalog; path = Images.xcassets; sourceTree = "<group>"; };
		0770CD6F18DF30B800A616D3 /* KaboomTests.xctest */ = {isa = PBXFileReference; explicitFileType = wrapper.cfbundle; includeInIndex = 0; path = KaboomTests.xctest; sourceTree = BUILT_PRODUCTS_DIR; };
		0770CD7018DF30B800A616D3 /* XCTest.framework */ = {isa = PBXFileReference; lastKnownFileType = wrapper.framework; name = XCTest.framework; path = Library/Frameworks/XCTest.framework; sourceTree = DEVELOPER_DIR; };
		0770CD7618DF30B800A616D3 /* KaboomTests-Info.plist */ = {isa = PBXFileReference; lastKnownFileType = text.plist.xml; path = "KaboomTests-Info.plist"; sourceTree = "<group>"; };
		0770CD7818DF30B800A616D3 /* en */ = {isa = PBXFileReference; lastKnownFileType = text.plist.strings; name = en; path = en.lproj/InfoPlist.strings; sourceTree = "<group>"; };
		0770CD7A18DF30B800A616D3 /* NavigationStateMachineSpec.m */ = {isa = PBXFileReference; lastKnownFileType = sourcecode.c.objc; path = NavigationStateMachineSpec.m; sourceTree = "<group>"; };
		0770CD7C18DF30B800A616D3 /* KaboomTests-Prefix.pch */ = {isa = PBXFileReference; lastKnownFileType = sourcecode.c.h; path = "KaboomTests-Prefix.pch"; sourceTree = "<group>"; };
		0770CDAD18DF3FB400A616D3 /* Cocoa.framework */ = {isa = PBXFileReference; lastKnownFileType = wrapper.framework; name = Cocoa.framework; path = Library/Frameworks/Cocoa.framework; sourceTree = DEVELOPER_DIR; };
		0770CDB018DF3FB400A616D3 /* Foundation.framework */ = {isa = PBXFileReference; lastKnownFileType = wrapper.framework; name = Foundation.framework; path = Library/Frameworks/Foundation.framework; sourceTree = SDKROOT; };
		0770CDB118DF3FB400A616D3 /* CoreData.framework */ = {isa = PBXFileReference; lastKnownFileType = wrapper.framework; name = CoreData.framework; path = Library/Frameworks/CoreData.framework; sourceTree = SDKROOT; };
		0770CDB218DF3FB400A616D3 /* AppKit.framework */ = {isa = PBXFileReference; lastKnownFileType = wrapper.framework; name = AppKit.framework; path = Library/Frameworks/AppKit.framework; sourceTree = SDKROOT; };
		079B971D18B2403C00B53776 /* CCDirectorIOS.m */ = {isa = PBXFileReference; fileEncoding = 4; lastKnownFileType = sourcecode.c.objc; path = CCDirectorIOS.m; sourceTree = "<group>"; };
		079B972018B2408C00B53776 /* CCDirector.m */ = {isa = PBXFileReference; fileEncoding = 4; lastKnownFileType = sourcecode.c.objc; path = CCDirector.m; sourceTree = "<group>"; };
		07B38BE61817F2560065C07E /* Bomber2DSpec.m */ = {isa = PBXFileReference; fileEncoding = 4; lastKnownFileType = sourcecode.c.objc; path = Bomber2DSpec.m; sourceTree = "<group>"; };
		07C325AD18B1847800056340 /* AdDelegateSpec.m */ = {isa = PBXFileReference; fileEncoding = 4; lastKnownFileType = sourcecode.c.objc; path = AdDelegateSpec.m; sourceTree = "<group>"; };
		07C325B318B18ECC00056340 /* Director.h */ = {isa = PBXFileReference; lastKnownFileType = sourcecode.c.h; path = Director.h; sourceTree = "<group>"; };
		07C325B418B1920600056340 /* AdDelegate.h */ = {isa = PBXFileReference; fileEncoding = 4; lastKnownFileType = sourcecode.c.h; path = AdDelegate.h; sourceTree = "<group>"; };
		07C325B518B1920600056340 /* AdDelegate.m */ = {isa = PBXFileReference; fileEncoding = 4; lastKnownFileType = sourcecode.c.objc; path = AdDelegate.m; sourceTree = "<group>"; };
		07C325BC18B19A6200056340 /* CCDirectorIOS+Tracking.h */ = {isa = PBXFileReference; fileEncoding = 4; lastKnownFileType = sourcecode.c.h; path = "CCDirectorIOS+Tracking.h"; sourceTree = "<group>"; };
		07C325BD18B19A6200056340 /* CCDirectorIOS+Tracking.m */ = {isa = PBXFileReference; fileEncoding = 4; lastKnownFileType = sourcecode.c.objc; path = "CCDirectorIOS+Tracking.m"; sourceTree = "<group>"; };
		07CA14D418AFD68200ED424C /* iAd.framework */ = {isa = PBXFileReference; lastKnownFileType = wrapper.framework; name = iAd.framework; path = System/Library/Frameworks/iAd.framework; sourceTree = SDKROOT; };
		07CD70FA18EEDC6C00D39665 /* gamefnt.fnt */ = {isa = PBXFileReference; fileEncoding = 4; lastKnownFileType = text; name = gamefnt.fnt; path = Resources/gamefnt.fnt; sourceTree = "<group>"; };
		07CD70FB18EEDC6C00D39665 /* gamefnt.png */ = {isa = PBXFileReference; lastKnownFileType = image.png; name = gamefnt.png; path = Resources/gamefnt.png; sourceTree = "<group>"; };
		07D2632A1816B28E0060E3E9 /* starbaby.app */ = {isa = PBXFileReference; explicitFileType = wrapper.application; includeInIndex = 0; path = starbaby.app; sourceTree = BUILT_PRODUCTS_DIR; };
		07D2632D1816B28E0060E3E9 /* QuartzCore.framework */ = {isa = PBXFileReference; lastKnownFileType = wrapper.framework; name = QuartzCore.framework; path = System/Library/Frameworks/QuartzCore.framework; sourceTree = SDKROOT; };
		07D2632F1816B28E0060E3E9 /* OpenGLES.framework */ = {isa = PBXFileReference; lastKnownFileType = wrapper.framework; name = OpenGLES.framework; path = System/Library/Frameworks/OpenGLES.framework; sourceTree = SDKROOT; };
		07D263311816B28E0060E3E9 /* OpenAL.framework */ = {isa = PBXFileReference; lastKnownFileType = wrapper.framework; name = OpenAL.framework; path = System/Library/Frameworks/OpenAL.framework; sourceTree = SDKROOT; };
		07D263331816B28E0060E3E9 /* AudioToolbox.framework */ = {isa = PBXFileReference; lastKnownFileType = wrapper.framework; name = AudioToolbox.framework; path = System/Library/Frameworks/AudioToolbox.framework; sourceTree = SDKROOT; };
		07D263351816B28E0060E3E9 /* AVFoundation.framework */ = {isa = PBXFileReference; lastKnownFileType = wrapper.framework; name = AVFoundation.framework; path = System/Library/Frameworks/AVFoundation.framework; sourceTree = SDKROOT; };
		07D263371816B28E0060E3E9 /* UIKit.framework */ = {isa = PBXFileReference; lastKnownFileType = wrapper.framework; name = UIKit.framework; path = System/Library/Frameworks/UIKit.framework; sourceTree = SDKROOT; };
		07D263391816B28E0060E3E9 /* Foundation.framework */ = {isa = PBXFileReference; lastKnownFileType = wrapper.framework; name = Foundation.framework; path = System/Library/Frameworks/Foundation.framework; sourceTree = SDKROOT; };
		07D2633B1816B28E0060E3E9 /* CoreGraphics.framework */ = {isa = PBXFileReference; lastKnownFileType = wrapper.framework; name = CoreGraphics.framework; path = System/Library/Frameworks/CoreGraphics.framework; sourceTree = SDKROOT; };
		07D2633D1816B28E0060E3E9 /* CoreText.framework */ = {isa = PBXFileReference; lastKnownFileType = wrapper.framework; name = CoreText.framework; path = System/Library/Frameworks/CoreText.framework; sourceTree = SDKROOT; };
		07D2633F1816B28E0060E3E9 /* GameKit.framework */ = {isa = PBXFileReference; lastKnownFileType = wrapper.framework; name = GameKit.framework; path = System/Library/Frameworks/GameKit.framework; sourceTree = SDKROOT; };
		07D263571816B28E0060E3E9 /* Info.plist */ = {isa = PBXFileReference; lastKnownFileType = text.plist.xml; name = Info.plist; path = Resources/Info.plist; sourceTree = "<group>"; };
		07D263581816B28E0060E3E9 /* iTunesArtwork */ = {isa = PBXFileReference; lastKnownFileType = file; name = iTunesArtwork; path = Resources/iTunesArtwork; sourceTree = "<group>"; };
		07D264CF1816B28F0060E3E9 /* Prefix.pch */ = {isa = PBXFileReference; lastKnownFileType = sourcecode.c.h; path = Prefix.pch; sourceTree = "<group>"; };
		07D264D01816B28F0060E3E9 /* main.m */ = {isa = PBXFileReference; lastKnownFileType = sourcecode.c.objc; path = main.m; sourceTree = "<group>"; };
		07D264E51816B64A0060E3E9 /* Specs.app */ = {isa = PBXFileReference; explicitFileType = wrapper.application; includeInIndex = 0; path = Specs.app; sourceTree = BUILT_PRODUCTS_DIR; };
		07D264EB1816B64A0060E3E9 /* Specs-Info.plist */ = {isa = PBXFileReference; lastKnownFileType = text.plist.xml; path = "Specs-Info.plist"; sourceTree = "<group>"; };
		07D264ED1816B64A0060E3E9 /* en */ = {isa = PBXFileReference; lastKnownFileType = text.plist.strings; name = en; path = en.lproj/InfoPlist.strings; sourceTree = "<group>"; };
		07D264EF1816B64A0060E3E9 /* main.m */ = {isa = PBXFileReference; lastKnownFileType = sourcecode.c.objc; path = main.m; sourceTree = "<group>"; };
		07D264F11816B64A0060E3E9 /* Specs-Prefix.pch */ = {isa = PBXFileReference; lastKnownFileType = sourcecode.c.h; path = "Specs-Prefix.pch"; sourceTree = "<group>"; };
		07D47E9218DF263C005AFA9B /* RunIPhoneLaunchDaemons.sh */ = {isa = PBXFileReference; fileEncoding = 4; lastKnownFileType = text.script.sh; name = RunIPhoneLaunchDaemons.sh; path = Specs/RunIPhoneLaunchDaemons.sh; sourceTree = SOURCE_ROOT; };
		2E835FC4C4834368AA6DCF9E /* libPods.a */ = {isa = PBXFileReference; explicitFileType = archive.ar; includeInIndex = 0; path = libPods.a; sourceTree = BUILT_PRODUCTS_DIR; };
		2FA280106D45FEA255598154 /* MainMenuLayer.h */ = {isa = PBXFileReference; fileEncoding = 4; lastKnownFileType = sourcecode.c.h; path = MainMenuLayer.h; sourceTree = "<group>"; };
		2FA2802A728717D4501CDA2B /* KaboomContextSpec.m */ = {isa = PBXFileReference; fileEncoding = 4; lastKnownFileType = sourcecode.c.objc; path = KaboomContextSpec.m; sourceTree = "<group>"; };
		2FA2802FCB805A565D204AC7 /* catch.wav */ = {isa = PBXFileReference; lastKnownFileType = audio.wav; name = catch.wav; path = Resources/catch.wav; sourceTree = "<group>"; };
		2FA280314410E325AF264C38 /* NavigationStateMachine.m */ = {isa = PBXFileReference; fileEncoding = 4; lastKnownFileType = sourcecode.c.objc; path = NavigationStateMachine.m; sourceTree = "<group>"; };
		2FA280467F68158FD9401ACF /* titlefnt.png */ = {isa = PBXFileReference; lastKnownFileType = image.png; name = titlefnt.png; path = Resources/titlefnt.png; sourceTree = "<group>"; };
		2FA280A9F6A3A42AACBB0972 /* Buckets.h */ = {isa = PBXFileReference; fileEncoding = 4; lastKnownFileType = sourcecode.c.h; path = Buckets.h; sourceTree = "<group>"; };
		2FA280BAB876740B963BBB44 /* BucketSprite.h */ = {isa = PBXFileReference; fileEncoding = 4; lastKnownFileType = sourcecode.c.h; path = BucketSprite.h; sourceTree = "<group>"; };
		2FA280DEE4688ABC994032B6 /* ScaledSprite.h */ = {isa = PBXFileReference; fileEncoding = 4; lastKnownFileType = sourcecode.c.h; path = ScaledSprite.h; sourceTree = "<group>"; };
		2FA28105F8AD8513D6714DA3 /* .!13545!TemplateIcon.icns */ = {isa = PBXFileReference; lastKnownFileType = image.icns; path = ".!13545!TemplateIcon.icns"; sourceTree = "<group>"; };
		2FA281531A6C4B024945D694 /* CreditsLayer.h */ = {isa = PBXFileReference; fileEncoding = 4; lastKnownFileType = sourcecode.c.h; path = CreditsLayer.h; sourceTree = "<group>"; };
		2FA281E7BE0861494079A694 /* Kaboom.h */ = {isa = PBXFileReference; fileEncoding = 4; lastKnownFileType = sourcecode.c.h; path = Kaboom.h; sourceTree = "<group>"; };
		2FA281F9C8EF645AF53CC76D /* Bomb.h */ = {isa = PBXFileReference; fileEncoding = 4; lastKnownFileType = sourcecode.c.h; path = Bomb.h; sourceTree = "<group>"; };
		2FA2820F7F26FF1AB604EBDF /* Event.h */ = {isa = PBXFileReference; fileEncoding = 4; lastKnownFileType = sourcecode.c.h; path = Event.h; sourceTree = "<group>"; };
		2FA2821851BD13F77BC6DB45 /* fire.png */ = {isa = PBXFileReference; lastKnownFileType = image.png; name = fire.png; path = Resources/fire.png; sourceTree = "<group>"; };
		2FA2825B16BDD9E954374712 /* SizeService.h */ = {isa = PBXFileReference; fileEncoding = 4; lastKnownFileType = sourcecode.c.h; path = SizeService.h; sourceTree = "<group>"; };
		2FA282609BDDC1F2873357A3 /* NavigationStateMachine.h */ = {isa = PBXFileReference; fileEncoding = 4; lastKnownFileType = sourcecode.c.h; path = NavigationStateMachine.h; sourceTree = "<group>"; };
		2FA28270A068547733860AAF /* game-sprites0-ipadhd.pvr.ccz */ = {isa = PBXFileReference; lastKnownFileType = file.ccz; name = "game-sprites0-ipadhd.pvr.ccz"; path = "Resources/game-sprites0-ipadhd.pvr.ccz"; sourceTree = "<group>"; };
		2FA282744264D278C082A1BC /* LevelCollectionProcedural.h */ = {isa = PBXFileReference; fileEncoding = 4; lastKnownFileType = sourcecode.c.h; path = LevelCollectionProcedural.h; sourceTree = "<group>"; };
		2FA28274FBE09AC781269CB5 /* IconsAndLaunchImages */ = {isa = PBXFileReference; fileEncoding = 4; lastKnownFileType = folder; name = IconsAndLaunchImages; path = Resources/IconsAndLaunchImages; sourceTree = "<group>"; };
		2FA2827BAA6F31FC49BE0E29 /* ScaledSprite.m */ = {isa = PBXFileReference; fileEncoding = 4; lastKnownFileType = sourcecode.c.objc; path = ScaledSprite.m; sourceTree = "<group>"; };
		2FA28288670853BDF8083AB2 /* BucketSprite.m */ = {isa = PBXFileReference; fileEncoding = 4; lastKnownFileType = sourcecode.c.objc; path = BucketSprite.m; sourceTree = "<group>"; };
		2FA2829A5DCBE4EAB01D6930 /* game-sprites0-hd.plist */ = {isa = PBXFileReference; fileEncoding = 4; lastKnownFileType = text.plist; name = "game-sprites0-hd.plist"; path = "Resources/game-sprites0-hd.plist"; sourceTree = "<group>"; };
		2FA282B0C605ED6F8A3369C7 /* LevelCollection.h */ = {isa = PBXFileReference; fileEncoding = 4; lastKnownFileType = sourcecode.c.h; path = LevelCollection.h; sourceTree = "<group>"; };
		2FA282D9ED0C82F0A0F4CE3C /* Bucket2DSpec.m */ = {isa = PBXFileReference; fileEncoding = 4; lastKnownFileType = sourcecode.c.objc; path = Bucket2DSpec.m; sourceTree = "<group>"; };
		2FA2834D0BFC9AED16E8A193 /* ccbParticleFire.png */ = {isa = PBXFileReference; lastKnownFileType = image.png; name = ccbParticleFire.png; path = Resources/ccbParticleFire.png; sourceTree = "<group>"; };
		2FA283F458F3A3C2EBDBD4DF /* DST-Garote.caf */ = {isa = PBXFileReference; lastKnownFileType = file.caf; name = "DST-Garote.caf"; path = "Resources/DST-Garote.caf"; sourceTree = "<group>"; };
		2FA284004DB4B04BB8B8DA23 /* game-sprites0.plist */ = {isa = PBXFileReference; fileEncoding = 4; lastKnownFileType = text.plist; name = "game-sprites0.plist"; path = "Resources/game-sprites0.plist"; sourceTree = "<group>"; };
		2FA28408982A64B570F0A04F /* bomb.wav */ = {isa = PBXFileReference; lastKnownFileType = audio.wav; name = bomb.wav; path = Resources/bomb.wav; sourceTree = "<group>"; };
		2FA2841EA0EC00D6B039FC7E /* CocosSizeStrategy.h */ = {isa = PBXFileReference; fileEncoding = 4; lastKnownFileType = sourcecode.c.h; path = CocosSizeStrategy.h; sourceTree = "<group>"; };
		2FA2841FD75301789CE52605 /* RandomLocationChooser.m */ = {isa = PBXFileReference; fileEncoding = 4; lastKnownFileType = sourcecode.c.objc; path = RandomLocationChooser.m; sourceTree = "<group>"; };
		2FA284271FF8A675D4E0D818 /* Constants.h */ = {isa = PBXFileReference; fileEncoding = 4; lastKnownFileType = sourcecode.c.h; path = Constants.h; sourceTree = "<group>"; };
		2FA28430631AA55FE5C45FD3 /* Constants.m */ = {isa = PBXFileReference; fileEncoding = 4; lastKnownFileType = sourcecode.c.objc; path = Constants.m; sourceTree = "<group>"; };
		2FA284445034A66D23A69772 /* Buckets.m */ = {isa = PBXFileReference; fileEncoding = 4; lastKnownFileType = sourcecode.c.objc; path = Buckets.m; sourceTree = "<group>"; };
		2FA2847CA3FB760F6627C77D /* KaboomStateMachine.h */ = {isa = PBXFileReference; fileEncoding = 4; lastKnownFileType = sourcecode.c.h; path = KaboomStateMachine.h; sourceTree = "<group>"; };
		2FA284A887CC331251A98EF5 /* titlefnt.fnt */ = {isa = PBXFileReference; lastKnownFileType = file.fnt; name = titlefnt.fnt; path = Resources/titlefnt.fnt; sourceTree = "<group>"; };
		2FA284B4C0D2EDB6A139A2E0 /* BombExplosion.m */ = {isa = PBXFileReference; fileEncoding = 4; lastKnownFileType = sourcecode.c.objc; path = BombExplosion.m; sourceTree = "<group>"; };
		2FA284C0376F996E7C784DEB /* game-sprites0-hd.pvr.ccz */ = {isa = PBXFileReference; lastKnownFileType = file.ccz; name = "game-sprites0-hd.pvr.ccz"; path = "Resources/game-sprites0-hd.pvr.ccz"; sourceTree = "<group>"; };
		2FA285481EF46AADB0F024DB /* BomberSprite.m */ = {isa = PBXFileReference; fileEncoding = 4; lastKnownFileType = sourcecode.c.objc; path = BomberSprite.m; sourceTree = "<group>"; };
		2FA2857D24C15E52AF2D4F2F /* Bucket.h */ = {isa = PBXFileReference; fileEncoding = 4; lastKnownFileType = sourcecode.c.h; path = Bucket.h; sourceTree = "<group>"; };
		2FA285B4F1CB77AEE9B1B660 /* Level.m */ = {isa = PBXFileReference; fileEncoding = 4; lastKnownFileType = sourcecode.c.objc; path = Level.m; sourceTree = "<group>"; };
		2FA285C9DAB47003A6FBA0FA /* BucketsNode.h */ = {isa = PBXFileReference; fileEncoding = 4; lastKnownFileType = sourcecode.c.h; path = BucketsNode.h; sourceTree = "<group>"; };
		2FA28612B5FBC34E37E817B2 /* LevelCollectionArraySpec.m */ = {isa = PBXFileReference; fileEncoding = 4; lastKnownFileType = sourcecode.c.objc; path = LevelCollectionArraySpec.m; sourceTree = "<group>"; };
		2FA28612CEA00A6F1F1D8BC2 /* Level.h */ = {isa = PBXFileReference; fileEncoding = 4; lastKnownFileType = sourcecode.c.h; path = Level.h; sourceTree = "<group>"; };
		2FA286604CD3EBA1BA926481 /* LevelCollectionProceduralSpec.m */ = {isa = PBXFileReference; fileEncoding = 4; lastKnownFileType = sourcecode.c.objc; path = LevelCollectionProceduralSpec.m; sourceTree = "<group>"; };
		2FA286E20151357C47C0D9CF /* BomberSprite.h */ = {isa = PBXFileReference; fileEncoding = 4; lastKnownFileType = sourcecode.c.h; path = BomberSprite.h; sourceTree = "<group>"; };
		2FA286FCDD89AA9093552F70 /* BombSprite.h */ = {isa = PBXFileReference; fileEncoding = 4; lastKnownFileType = sourcecode.c.h; path = BombSprite.h; sourceTree = "<group>"; };
		2FA287BA3BADD11E5C604A31 /* CocosSizeStrategy.m */ = {isa = PBXFileReference; fileEncoding = 4; lastKnownFileType = sourcecode.c.objc; path = CocosSizeStrategy.m; sourceTree = "<group>"; };
		2FA287DA0D8E53F7D32A1E3C /* Bucket2D.m */ = {isa = PBXFileReference; fileEncoding = 4; lastKnownFileType = sourcecode.c.objc; path = Bucket2D.m; sourceTree = "<group>"; };
		2FA28831461D09EEC3799121 /* Bomb2D.h */ = {isa = PBXFileReference; fileEncoding = 4; lastKnownFileType = sourcecode.c.h; path = Bomb2D.h; sourceTree = "<group>"; };
		2FA2887C8E68A7489401797D /* GameBlackboard.h */ = {isa = PBXFileReference; fileEncoding = 4; lastKnownFileType = sourcecode.c.h; path = GameBlackboard.h; sourceTree = "<group>"; };
		2FA288ADE3635DBCA6DA8C9C /* SizeStrategy.h */ = {isa = PBXFileReference; fileEncoding = 4; lastKnownFileType = sourcecode.c.h; path = SizeStrategy.h; sourceTree = "<group>"; };
		2FA288C49F5E6138D1521493 /* Bomber2D.m */ = {isa = PBXFileReference; fileEncoding = 4; lastKnownFileType = sourcecode.c.objc; path = Bomber2D.m; sourceTree = "<group>"; };
		2FA288CD6F2A6B463AD13C13 /* LevelCollectionProcedural.m */ = {isa = PBXFileReference; fileEncoding = 4; lastKnownFileType = sourcecode.c.objc; path = LevelCollectionProcedural.m; sourceTree = "<group>"; };
		2FA28909FD433915F3B7FE42 /* KaboomContext.m */ = {isa = PBXFileReference; fileEncoding = 4; lastKnownFileType = sourcecode.c.objc; path = KaboomContext.m; sourceTree = "<group>"; };
		2FA2891355F773A6B44F6DEF /* RandomLocationChooser.h */ = {isa = PBXFileReference; fileEncoding = 4; lastKnownFileType = sourcecode.c.h; path = RandomLocationChooser.h; sourceTree = "<group>"; };
		2FA289283D7553CFAE0C517E /* RandomLocationChooserSpec.m */ = {isa = PBXFileReference; fileEncoding = 4; lastKnownFileType = sourcecode.c.objc; path = RandomLocationChooserSpec.m; sourceTree = "<group>"; };
		2FA2893A4D9A61B3A1D7A549 /* BucketsSpec.m */ = {isa = PBXFileReference; fileEncoding = 4; lastKnownFileType = sourcecode.c.objc; path = BucketsSpec.m; sourceTree = "<group>"; };
		2FA289962B51500947CF5EA5 /* Bomber.h */ = {isa = PBXFileReference; fileEncoding = 4; lastKnownFileType = sourcecode.c.h; path = Bomber.h; sourceTree = "<group>"; };
		2FA289DBAFB46DEC4772166E /* CreditsLayer.m */ = {isa = PBXFileReference; fileEncoding = 4; lastKnownFileType = sourcecode.c.objc; path = CreditsLayer.m; sourceTree = "<group>"; };
		2FA289DFAA6766D477DC0BEF /* BombSprite.m */ = {isa = PBXFileReference; fileEncoding = 4; lastKnownFileType = sourcecode.c.objc; path = BombSprite.m; sourceTree = "<group>"; };
		2FA28A0F951445B45AF12061 /* Bomb2D.m */ = {isa = PBXFileReference; fileEncoding = 4; lastKnownFileType = sourcecode.c.objc; path = Bomb2D.m; sourceTree = "<group>"; };
		2FA28A1F15291BDB03525501 /* Event.m */ = {isa = PBXFileReference; fileEncoding = 4; lastKnownFileType = sourcecode.c.objc; path = Event.m; sourceTree = "<group>"; };
		2FA28A213D5E2AA4D42254DE /* LevelCollectionArray.m */ = {isa = PBXFileReference; fileEncoding = 4; lastKnownFileType = sourcecode.c.objc; path = LevelCollectionArray.m; sourceTree = "<group>"; };
		2FA28A4CA415D5DBA2C1798E /* StandardRandomNumberGenerator.h */ = {isa = PBXFileReference; fileEncoding = 4; lastKnownFileType = sourcecode.c.h; path = StandardRandomNumberGenerator.h; sourceTree = "<group>"; };
		2FA28A5708C527500B0E3157 /* Scaler.h */ = {isa = PBXFileReference; fileEncoding = 4; lastKnownFileType = sourcecode.c.h; path = Scaler.h; sourceTree = "<group>"; };
		2FA28AA88E0D958362D9515B /* BucketsNode.m */ = {isa = PBXFileReference; fileEncoding = 4; lastKnownFileType = sourcecode.c.objc; path = BucketsNode.m; sourceTree = "<group>"; };
		2FA28B4FE3808BC2ED19D445 /* Bomb2DSpec.m */ = {isa = PBXFileReference; fileEncoding = 4; lastKnownFileType = sourcecode.c.objc; path = Bomb2DSpec.m; sourceTree = "<group>"; };
		2FA28B556A0975917DD905A9 /* BombExplosion.h */ = {isa = PBXFileReference; fileEncoding = 4; lastKnownFileType = sourcecode.c.h; path = BombExplosion.h; sourceTree = "<group>"; };
		2FA28BF6E5BC3FA799A9ABE6 /* game-sprites0-ipadhd.plist */ = {isa = PBXFileReference; fileEncoding = 4; lastKnownFileType = text.plist; name = "game-sprites0-ipadhd.plist"; path = "Resources/game-sprites0-ipadhd.plist"; sourceTree = "<group>"; };
		2FA28C0FCD010FE38E7163C7 /* game-sprites0.pvr.ccz */ = {isa = PBXFileReference; lastKnownFileType = file.ccz; name = "game-sprites0.pvr.ccz"; path = "Resources/game-sprites0.pvr.ccz"; sourceTree = "<group>"; };
		2FA28C348025798254AAD049 /* GameBlackboardSpec.m */ = {isa = PBXFileReference; fileEncoding = 4; lastKnownFileType = sourcecode.c.objc; path = GameBlackboardSpec.m; sourceTree = "<group>"; };
		2FA28C92BD5E24522964CED7 /* SizeServiceSpec.m */ = {isa = PBXFileReference; fileEncoding = 4; lastKnownFileType = sourcecode.c.objc; path = SizeServiceSpec.m; sourceTree = "<group>"; };
		2FA28C951EF791E384FF0C5E /* KaboomSpec.m */ = {isa = PBXFileReference; fileEncoding = 4; lastKnownFileType = sourcecode.c.objc; path = KaboomSpec.m; sourceTree = "<group>"; };
		2FA28CAED8819D4BCC149376 /* Bucket2D.h */ = {isa = PBXFileReference; fileEncoding = 4; lastKnownFileType = sourcecode.c.h; path = Bucket2D.h; sourceTree = "<group>"; };
		2FA28CC1029F55EBD494A6F9 /* Scaler.m */ = {isa = PBXFileReference; fileEncoding = 4; lastKnownFileType = sourcecode.c.objc; path = Scaler.m; sourceTree = "<group>"; };
		2FA28CD18454BBC990A7AD78 /* KaboomLayer.h */ = {isa = PBXFileReference; fileEncoding = 4; lastKnownFileType = sourcecode.c.h; path = KaboomLayer.h; sourceTree = "<group>"; };
		2FA28CE317604F54EED0AD84 /* MainMenuLayer.m */ = {isa = PBXFileReference; fileEncoding = 4; lastKnownFileType = sourcecode.c.objc; path = MainMenuLayer.m; sourceTree = "<group>"; };
		2FA28D7F03762665680A3DCF /* RandomNumberGenerator.h */ = {isa = PBXFileReference; fileEncoding = 4; lastKnownFileType = sourcecode.c.h; path = RandomNumberGenerator.h; sourceTree = "<group>"; };
		2FA28D81C30296DC88C95456 /* levels.plist */ = {isa = PBXFileReference; fileEncoding = 4; lastKnownFileType = text.plist; path = levels.plist; sourceTree = "<group>"; };
		2FA28DA11ADAA5FD74711564 /* CocosDirectorAdapterSpec.m */ = {isa = PBXFileReference; fileEncoding = 4; lastKnownFileType = sourcecode.c.objc; path = CocosDirectorAdapterSpec.m; sourceTree = "<group>"; };
		2FA28DA8913787EE54AD3EA3 /* .!13545!TemplateIcon.icns */ = {isa = PBXFileReference; lastKnownFileType = image.icns; path = ".!13545!TemplateIcon.icns"; sourceTree = "<group>"; };
		2FA28DCCDD0B042977B8775F /* Kaboom.m */ = {isa = PBXFileReference; fileEncoding = 4; lastKnownFileType = sourcecode.c.objc; path = Kaboom.m; sourceTree = "<group>"; };
		2FA28DDCC3BE80B871DCA293 /* AppDelegate.h */ = {isa = PBXFileReference; fileEncoding = 4; lastKnownFileType = sourcecode.c.h; path = AppDelegate.h; sourceTree = "<group>"; };
		2FA28E033F3091031ECC9F1F /* LocationChooser.h */ = {isa = PBXFileReference; fileEncoding = 4; lastKnownFileType = sourcecode.c.h; path = LocationChooser.h; sourceTree = "<group>"; };
		2FA28E2937981F0336F002E6 /* CocosDirectorAdapter.h */ = {isa = PBXFileReference; fileEncoding = 4; lastKnownFileType = sourcecode.c.h; path = CocosDirectorAdapter.h; sourceTree = "<group>"; };
		2FA28E68543525AEC83E8566 /* ScalerSpec.m */ = {isa = PBXFileReference; fileEncoding = 4; lastKnownFileType = sourcecode.c.objc; path = ScalerSpec.m; sourceTree = "<group>"; };
		2FA28E6B3906CC834272B745 /* CocosDirectorAdapter.m */ = {isa = PBXFileReference; fileEncoding = 4; lastKnownFileType = sourcecode.c.objc; path = CocosDirectorAdapter.m; sourceTree = "<group>"; };
		2FA28E7B22D205A3434596B5 /* KaboomContext.h */ = {isa = PBXFileReference; fileEncoding = 4; lastKnownFileType = sourcecode.c.h; path = KaboomContext.h; sourceTree = "<group>"; };
		2FA28F21DFF4F53C8AC9C4EA /* StandardRandomNumberGenerator.m */ = {isa = PBXFileReference; fileEncoding = 4; lastKnownFileType = sourcecode.c.objc; path = StandardRandomNumberGenerator.m; sourceTree = "<group>"; };
		2FA28F2ED082B6BB64024A4E /* GameBlackboard.m */ = {isa = PBXFileReference; fileEncoding = 4; lastKnownFileType = sourcecode.c.objc; path = GameBlackboard.m; sourceTree = "<group>"; };
		2FA28F43377C8334BFCE6A95 /* KaboomLayer.m */ = {isa = PBXFileReference; fileEncoding = 4; lastKnownFileType = sourcecode.c.objc; path = KaboomLayer.m; sourceTree = "<group>"; };
		2FA28F4FF183F08F0285ECF1 /* SizeService.m */ = {isa = PBXFileReference; fileEncoding = 4; lastKnownFileType = sourcecode.c.objc; path = SizeService.m; sourceTree = "<group>"; };
		2FA28F5202D6444CC2ABC705 /* AppDelegate.m */ = {isa = PBXFileReference; fileEncoding = 4; lastKnownFileType = sourcecode.c.objc; path = AppDelegate.m; sourceTree = "<group>"; };
		2FA28F71CD039144C4E294F7 /* Bomber2D.h */ = {isa = PBXFileReference; fileEncoding = 4; lastKnownFileType = sourcecode.c.h; path = Bomber2D.h; sourceTree = "<group>"; };
		2FA28FC9C046626D7FB3CF48 /* LevelCollectionArray.h */ = {isa = PBXFileReference; fileEncoding = 4; lastKnownFileType = sourcecode.c.h; path = LevelCollectionArray.h; sourceTree = "<group>"; };
		3570B01B85C44B919B8556F1 /* Pods.xcconfig */ = {isa = PBXFileReference; includeInIndex = 1; lastKnownFileType = text.xcconfig; name = Pods.xcconfig; path = Pods/Pods.xcconfig; sourceTree = "<group>"; };
		3AC467CF45DB460C935BFE36 /* Pods-Kaboom.xcconfig */ = {isa = PBXFileReference; includeInIndex = 1; lastKnownFileType = text.xcconfig; name = "Pods-Kaboom.xcconfig"; path = "Pods/Pods-Kaboom.xcconfig"; sourceTree = "<group>"; };
		3ED61CA0C6924F2E930BD93C /* libPods-Kaboom.a */ = {isa = PBXFileReference; explicitFileType = archive.ar; includeInIndex = 0; path = "libPods-Kaboom.a"; sourceTree = BUILT_PRODUCTS_DIR; };
		799DE03DBF83466DBB282E6F /* Pods-Specs.xcconfig */ = {isa = PBXFileReference; includeInIndex = 1; lastKnownFileType = text.xcconfig; name = "Pods-Specs.xcconfig"; path = "Pods/Pods-Specs.xcconfig"; sourceTree = "<group>"; };
		B054B6BB2B7D42C19CBCC376 /* libPods-Specs.a */ = {isa = PBXFileReference; explicitFileType = archive.ar; includeInIndex = 0; path = "libPods-Specs.a"; sourceTree = BUILT_PRODUCTS_DIR; };
		B77C57C3E9974AC184532F58 /* Pods-KaboomTests.xcconfig */ = {isa = PBXFileReference; includeInIndex = 1; lastKnownFileType = text.xcconfig; name = "Pods-KaboomTests.xcconfig"; path = "Pods/Pods-KaboomTests.xcconfig"; sourceTree = "<group>"; };
		F7EBC9AAC8BA4D3099119D2F /* libPods-KaboomTests.a */ = {isa = PBXFileReference; explicitFileType = archive.ar; includeInIndex = 0; path = "libPods-KaboomTests.a"; sourceTree = BUILT_PRODUCTS_DIR; };
/* End PBXFileReference section */

/* Begin PBXFrameworksBuildPhase section */
		0770CD6C18DF30B800A616D3 /* Frameworks */ = {
			isa = PBXFrameworksBuildPhase;
			buildActionMask = 2147483647;
			files = (
				0770CD7118DF30B800A616D3 /* XCTest.framework in Frameworks */,
				0770CD7318DF30B800A616D3 /* UIKit.framework in Frameworks */,
				0770CD7218DF30B800A616D3 /* Foundation.framework in Frameworks */,
				D4A85B945DB841C8AE598E9C /* libPods-KaboomTests.a in Frameworks */,
			);
			runOnlyForDeploymentPostprocessing = 0;
		};
		07D263271816B28E0060E3E9 /* Frameworks */ = {
			isa = PBXFrameworksBuildPhase;
			buildActionMask = 2147483647;
			files = (
				07CA14D518AFD68200ED424C /* iAd.framework in Frameworks */,
				07D263321816B28E0060E3E9 /* OpenAL.framework in Frameworks */,
				07D263381816B28E0060E3E9 /* UIKit.framework in Frameworks */,
				07D2632E1816B28E0060E3E9 /* QuartzCore.framework in Frameworks */,
				07D263361816B28E0060E3E9 /* AVFoundation.framework in Frameworks */,
				07D2633C1816B28E0060E3E9 /* CoreGraphics.framework in Frameworks */,
				07D2633E1816B28E0060E3E9 /* CoreText.framework in Frameworks */,
				07D263301816B28E0060E3E9 /* OpenGLES.framework in Frameworks */,
				07D2633A1816B28E0060E3E9 /* Foundation.framework in Frameworks */,
				07D263341816B28E0060E3E9 /* AudioToolbox.framework in Frameworks */,
				07D263401816B28E0060E3E9 /* GameKit.framework in Frameworks */,
				C588C841647E44E8B44AE753 /* libPods-Kaboom.a in Frameworks */,
			);
			runOnlyForDeploymentPostprocessing = 0;
		};
		07D264E11816B64A0060E3E9 /* Frameworks */ = {
			isa = PBXFrameworksBuildPhase;
			buildActionMask = 2147483647;
			files = (
				07D264E81816B64A0060E3E9 /* CoreGraphics.framework in Frameworks */,
				07D264E61816B64A0060E3E9 /* UIKit.framework in Frameworks */,
				07D264E71816B64A0060E3E9 /* Foundation.framework in Frameworks */,
				97625092F84B419FABCA0395 /* libPods-Specs.a in Frameworks */,
			);
			runOnlyForDeploymentPostprocessing = 0;
		};
/* End PBXFrameworksBuildPhase section */

/* Begin PBXGroup section */
		0711C36B18F4285C00F3FBE1 /* iOS */ = {
			isa = PBXGroup;
			children = (
				0711C36C18F4288500F3FBE1 /* GameCenterAuthenticationSpec.m */,
			);
			name = iOS;
			sourceTree = "<group>";
		};
		0770CD6A18DF2F4C00A616D3 /* OldTests */ = {
			isa = PBXGroup;
			children = (
				07C325BB18B19A2E00056340 /* CocosFakes */,
				07C325B818B1921600056340 /* iOS */,
				2FA2893A4D9A61B3A1D7A549 /* BucketsSpec.m */,
				07B38BE61817F2560065C07E /* Bomber2DSpec.m */,
				2FA289283D7553CFAE0C517E /* RandomLocationChooserSpec.m */,
				2FA287C679C14D69014463AE /* Utilities */,
				2FA28C951EF791E384FF0C5E /* KaboomSpec.m */,
				2FA282D9ED0C82F0A0F4CE3C /* Bucket2DSpec.m */,
				2FA28B4FE3808BC2ED19D445 /* Bomb2DSpec.m */,
				2FA28C348025798254AAD049 /* GameBlackboardSpec.m */,
				2FA2802A728717D4501CDA2B /* KaboomContextSpec.m */,
			);
			name = OldTests;
			sourceTree = "<group>";
		};
		0770CD7418DF30B800A616D3 /* KaboomTests */ = {
			isa = PBXGroup;
			children = (
				0711C36B18F4285C00F3FBE1 /* iOS */,
				0770CD7A18DF30B800A616D3 /* NavigationStateMachineSpec.m */,
				0770CD7518DF30B800A616D3 /* Supporting Files */,
			);
			path = KaboomTests;
			sourceTree = "<group>";
		};
		0770CD7518DF30B800A616D3 /* Supporting Files */ = {
			isa = PBXGroup;
			children = (
				0770CD7618DF30B800A616D3 /* KaboomTests-Info.plist */,
				0770CD7718DF30B800A616D3 /* InfoPlist.strings */,
				0770CD7C18DF30B800A616D3 /* KaboomTests-Prefix.pch */,
			);
			name = "Supporting Files";
			sourceTree = "<group>";
		};
		0770CDAF18DF3FB400A616D3 /* Other Frameworks */ = {
			isa = PBXGroup;
			children = (
				0770CDB018DF3FB400A616D3 /* Foundation.framework */,
				0770CDB118DF3FB400A616D3 /* CoreData.framework */,
				0770CDB218DF3FB400A616D3 /* AppKit.framework */,
			);
			name = "Other Frameworks";
			sourceTree = "<group>";
		};
		07C325B118B18EAC00056340 /* iOS */ = {
			isa = PBXGroup;
			children = (
				07C325B318B18ECC00056340 /* Director.h */,
				07C325B418B1920600056340 /* AdDelegate.h */,
				07C325B518B1920600056340 /* AdDelegate.m */,
				2FA28E6B3906CC834272B745 /* CocosDirectorAdapter.m */,
				2FA28E2937981F0336F002E6 /* CocosDirectorAdapter.h */,
				073972C318BE1EA00093812A /* GameCenterAuthentication.h */,
				073972C418BE1EA00093812A /* GameCenterAuthentication.m */,
			);
			path = iOS;
			sourceTree = "<group>";
		};
		07C325B818B1921600056340 /* iOS */ = {
			isa = PBXGroup;
			children = (
				07C325AD18B1847800056340 /* AdDelegateSpec.m */,
				2FA28DA11ADAA5FD74711564 /* CocosDirectorAdapterSpec.m */,
			);
			name = iOS;
			sourceTree = "<group>";
		};
		07C325BB18B19A2E00056340 /* CocosFakes */ = {
			isa = PBXGroup;
			children = (
				07C325BC18B19A6200056340 /* CCDirectorIOS+Tracking.h */,
				07C325BD18B19A6200056340 /* CCDirectorIOS+Tracking.m */,
				079B971D18B2403C00B53776 /* CCDirectorIOS.m */,
				079B972018B2408C00B53776 /* CCDirector.m */,
			);
			name = CocosFakes;
			sourceTree = "<group>";
		};
		07D263211816B28E0060E3E9 = {
			isa = PBXGroup;
			children = (
				07D263411816B28E0060E3E9 /* Kaboom */,
				07D264E91816B64A0060E3E9 /* Specs */,
				0770CD7418DF30B800A616D3 /* KaboomTests */,
				07D2632C1816B28E0060E3E9 /* Frameworks */,
				07D2632B1816B28E0060E3E9 /* Products */,
				3570B01B85C44B919B8556F1 /* Pods.xcconfig */,
				799DE03DBF83466DBB282E6F /* Pods-Specs.xcconfig */,
				3AC467CF45DB460C935BFE36 /* Pods-Kaboom.xcconfig */,
				B77C57C3E9974AC184532F58 /* Pods-KaboomTests.xcconfig */,
			);
			sourceTree = "<group>";
		};
		07D2632B1816B28E0060E3E9 /* Products */ = {
			isa = PBXGroup;
			children = (
				07D2632A1816B28E0060E3E9 /* starbaby.app */,
				07D264E51816B64A0060E3E9 /* Specs.app */,
				0770CD6F18DF30B800A616D3 /* KaboomTests.xctest */,
			);
			name = Products;
			sourceTree = "<group>";
		};
		07D2632C1816B28E0060E3E9 /* Frameworks */ = {
			isa = PBXGroup;
			children = (
				07CA14D418AFD68200ED424C /* iAd.framework */,
				07D2632D1816B28E0060E3E9 /* QuartzCore.framework */,
				07D2632F1816B28E0060E3E9 /* OpenGLES.framework */,
				07D263311816B28E0060E3E9 /* OpenAL.framework */,
				07D263331816B28E0060E3E9 /* AudioToolbox.framework */,
				07D263351816B28E0060E3E9 /* AVFoundation.framework */,
				07D263371816B28E0060E3E9 /* UIKit.framework */,
				07D263391816B28E0060E3E9 /* Foundation.framework */,
				07D2633B1816B28E0060E3E9 /* CoreGraphics.framework */,
				07D2633D1816B28E0060E3E9 /* CoreText.framework */,
				07D2633F1816B28E0060E3E9 /* GameKit.framework */,
				2E835FC4C4834368AA6DCF9E /* libPods.a */,
				B054B6BB2B7D42C19CBCC376 /* libPods-Specs.a */,
				3ED61CA0C6924F2E930BD93C /* libPods-Kaboom.a */,
				0770CD7018DF30B800A616D3 /* XCTest.framework */,
				0770CDAD18DF3FB400A616D3 /* Cocoa.framework */,
				0770CDAF18DF3FB400A616D3 /* Other Frameworks */,
				F7EBC9AAC8BA4D3099119D2F /* libPods-KaboomTests.a */,
			);
			name = Frameworks;
			sourceTree = "<group>";
		};
		07D263411816B28E0060E3E9 /* Kaboom */ = {
			isa = PBXGroup;
			children = (
				07D263421816B28E0060E3E9 /* Resources */,
				07C325B118B18EAC00056340 /* iOS */,
				07D264CE1816B28F0060E3E9 /* Supporting Files */,
				2FA28E47EE21C30A5784314C /* Cocos */,
				2FA284445034A66D23A69772 /* Buckets.m */,
				2FA280A9F6A3A42AACBB0972 /* Buckets.h */,
				2FA288C49F5E6138D1521493 /* Bomber2D.m */,
				2FA28F71CD039144C4E294F7 /* Bomber2D.h */,
				2FA28E033F3091031ECC9F1F /* LocationChooser.h */,
				2FA2841FD75301789CE52605 /* RandomLocationChooser.m */,
				2FA2891355F773A6B44F6DEF /* RandomLocationChooser.h */,
				2FA28D7F03762665680A3DCF /* RandomNumberGenerator.h */,
				2FA28F21DFF4F53C8AC9C4EA /* StandardRandomNumberGenerator.m */,
				2FA28A4CA415D5DBA2C1798E /* StandardRandomNumberGenerator.h */,
				2FA284271FF8A675D4E0D818 /* Constants.h */,
				2FA28DCCDD0B042977B8775F /* Kaboom.m */,
				2FA281E7BE0861494079A694 /* Kaboom.h */,
				2FA289962B51500947CF5EA5 /* Bomber.h */,
				2FA281F9C8EF645AF53CC76D /* Bomb.h */,
				2FA28A0F951445B45AF12061 /* Bomb2D.m */,
				2FA28831461D09EEC3799121 /* Bomb2D.h */,
				2FA2857D24C15E52AF2D4F2F /* Bucket.h */,
				2FA28CAED8819D4BCC149376 /* Bucket2D.h */,
				2FA287DA0D8E53F7D32A1E3C /* Bucket2D.m */,
				2FA28612CEA00A6F1F1D8BC2 /* Level.h */,
				2FA285B4F1CB77AEE9B1B660 /* Level.m */,
				2FA283ED09D1A0D33B271365 /* Utilities */,
				2FA2887C8E68A7489401797D /* GameBlackboard.h */,
				2FA28F2ED082B6BB64024A4E /* GameBlackboard.m */,
				2FA2820F7F26FF1AB604EBDF /* Event.h */,
				2FA28A1F15291BDB03525501 /* Event.m */,
				2FA28909FD433915F3B7FE42 /* KaboomContext.m */,
				2FA28E7B22D205A3434596B5 /* KaboomContext.h */,
				2FA2847CA3FB760F6627C77D /* KaboomStateMachine.h */,
				2FA288ADE3635DBCA6DA8C9C /* SizeStrategy.h */,
				2FA28430631AA55FE5C45FD3 /* Constants.m */,
				2FA282B0C605ED6F8A3369C7 /* LevelCollection.h */,
				0760AE6A18A7F318001BF64D /* Images.xcassets */,
				2FA280314410E325AF264C38 /* NavigationStateMachine.m */,
				2FA282609BDDC1F2873357A3 /* NavigationStateMachine.h */,
				0741FD2718EAE2780041EC9C /* NavigationDelegate.h */,
			);
			path = Kaboom;
			sourceTree = "<group>";
		};
		07D263421816B28E0060E3E9 /* Resources */ = {
			isa = PBXGroup;
			children = (
				07CD70FA18EEDC6C00D39665 /* gamefnt.fnt */,
				07CD70FB18EEDC6C00D39665 /* gamefnt.png */,
				07D263571816B28E0060E3E9 /* Info.plist */,
				07D263581816B28E0060E3E9 /* iTunesArtwork */,
				2FA2821851BD13F77BC6DB45 /* fire.png */,
				2FA2834D0BFC9AED16E8A193 /* ccbParticleFire.png */,
				2FA28408982A64B570F0A04F /* bomb.wav */,
				2FA2802FCB805A565D204AC7 /* catch.wav */,
				2FA284004DB4B04BB8B8DA23 /* game-sprites0.plist */,
				2FA28C0FCD010FE38E7163C7 /* game-sprites0.pvr.ccz */,
				2FA2829A5DCBE4EAB01D6930 /* game-sprites0-hd.plist */,
				2FA284C0376F996E7C784DEB /* game-sprites0-hd.pvr.ccz */,
				2FA28BF6E5BC3FA799A9ABE6 /* game-sprites0-ipadhd.plist */,
				2FA28270A068547733860AAF /* game-sprites0-ipadhd.pvr.ccz */,
				2FA28274FBE09AC781269CB5 /* IconsAndLaunchImages */,
				2FA283F458F3A3C2EBDBD4DF /* DST-Garote.caf */,
				2FA284A887CC331251A98EF5 /* titlefnt.fnt */,
				2FA280467F68158FD9401ACF /* titlefnt.png */,
			);
			name = Resources;
			sourceTree = "<group>";
		};
		07D264CE1816B28F0060E3E9 /* Supporting Files */ = {
			isa = PBXGroup;
			children = (
				07D47E9218DF263C005AFA9B /* RunIPhoneLaunchDaemons.sh */,
				07D264CF1816B28F0060E3E9 /* Prefix.pch */,
				07D264D01816B28F0060E3E9 /* main.m */,
				2FA28D81C30296DC88C95456 /* levels.plist */,
			);
			name = "Supporting Files";
			sourceTree = "<group>";
		};
		07D264E91816B64A0060E3E9 /* Specs */ = {
			isa = PBXGroup;
			children = (
				0770CD6A18DF2F4C00A616D3 /* OldTests */,
				07D264EA1816B64A0060E3E9 /* Supporting Files */,
				2FA28105F8AD8513D6714DA3 /* .!13545!TemplateIcon.icns */,
			);
			path = Specs;
			sourceTree = "<group>";
		};
		07D264EA1816B64A0060E3E9 /* Supporting Files */ = {
			isa = PBXGroup;
			children = (
				07D264EB1816B64A0060E3E9 /* Specs-Info.plist */,
				07D264EC1816B64A0060E3E9 /* InfoPlist.strings */,
				07D264EF1816B64A0060E3E9 /* main.m */,
				07D264F11816B64A0060E3E9 /* Specs-Prefix.pch */,
			);
			name = "Supporting Files";
			sourceTree = "<group>";
		};
		2FA283ED09D1A0D33B271365 /* Utilities */ = {
			isa = PBXGroup;
			children = (
				2FA28A213D5E2AA4D42254DE /* LevelCollectionArray.m */,
				2FA28FC9C046626D7FB3CF48 /* LevelCollectionArray.h */,
				2FA2825B16BDD9E954374712 /* SizeService.h */,
				2FA28F4FF183F08F0285ECF1 /* SizeService.m */,
				2FA28A5708C527500B0E3157 /* Scaler.h */,
				2FA28CC1029F55EBD494A6F9 /* Scaler.m */,
				2FA288CD6F2A6B463AD13C13 /* LevelCollectionProcedural.m */,
				2FA282744264D278C082A1BC /* LevelCollectionProcedural.h */,
			);
			path = Utilities;
			sourceTree = "<group>";
		};
		2FA287C679C14D69014463AE /* Utilities */ = {
			isa = PBXGroup;
			children = (
				2FA28DA8913787EE54AD3EA3 /* .!13545!TemplateIcon.icns */,
				2FA28612B5FBC34E37E817B2 /* LevelCollectionArraySpec.m */,
				2FA28C92BD5E24522964CED7 /* SizeServiceSpec.m */,
				2FA28E68543525AEC83E8566 /* ScalerSpec.m */,
				2FA286604CD3EBA1BA926481 /* LevelCollectionProceduralSpec.m */,
			);
			path = Utilities;
			sourceTree = "<group>";
		};
		2FA28E47EE21C30A5784314C /* Cocos */ = {
			isa = PBXGroup;
			children = (
				2FA28DDCC3BE80B871DCA293 /* AppDelegate.h */,
				2FA28F5202D6444CC2ABC705 /* AppDelegate.m */,
				2FA28F43377C8334BFCE6A95 /* KaboomLayer.m */,
				2FA28CD18454BBC990A7AD78 /* KaboomLayer.h */,
				2FA28AA88E0D958362D9515B /* BucketsNode.m */,
				2FA285C9DAB47003A6FBA0FA /* BucketsNode.h */,
				2FA285481EF46AADB0F024DB /* BomberSprite.m */,
				2FA286E20151357C47C0D9CF /* BomberSprite.h */,
				2FA289DFAA6766D477DC0BEF /* BombSprite.m */,
				2FA286FCDD89AA9093552F70 /* BombSprite.h */,
				2FA28288670853BDF8083AB2 /* BucketSprite.m */,
				2FA280BAB876740B963BBB44 /* BucketSprite.h */,
				2FA284B4C0D2EDB6A139A2E0 /* BombExplosion.m */,
				2FA28B556A0975917DD905A9 /* BombExplosion.h */,
				2FA2841EA0EC00D6B039FC7E /* CocosSizeStrategy.h */,
				2FA287BA3BADD11E5C604A31 /* CocosSizeStrategy.m */,
				2FA2827BAA6F31FC49BE0E29 /* ScaledSprite.m */,
				2FA280DEE4688ABC994032B6 /* ScaledSprite.h */,
				2FA289DBAFB46DEC4772166E /* CreditsLayer.m */,
				2FA281531A6C4B024945D694 /* CreditsLayer.h */,
				2FA28CE317604F54EED0AD84 /* MainMenuLayer.m */,
				2FA280106D45FEA255598154 /* MainMenuLayer.h */,
				0719465A18EC34F0006D3995 /* CCDirector+PopTransition.h */,
				0719465B18EC34F0006D3995 /* CCDirector+PopTransition.m */,
			);
			path = Cocos;
			sourceTree = "<group>";
		};
/* End PBXGroup section */

/* Begin PBXNativeTarget section */
		0770CD6E18DF30B800A616D3 /* KaboomTests */ = {
			isa = PBXNativeTarget;
			buildConfigurationList = 0770CD7F18DF30B800A616D3 /* Build configuration list for PBXNativeTarget "KaboomTests" */;
			buildPhases = (
				D1C90B196D8C4666A8F0C146 /* Check Pods Manifest.lock */,
				0770CD6B18DF30B800A616D3 /* Sources */,
				0770CD6C18DF30B800A616D3 /* Frameworks */,
				0770CD6D18DF30B800A616D3 /* Resources */,
				F18CF1233DFC4BB7804DCE24 /* Copy Pods Resources */,
			);
			buildRules = (
			);
			dependencies = (
				0770CD7E18DF30B800A616D3 /* PBXTargetDependency */,
			);
			name = KaboomTests;
			productName = KaboomTests;
			productReference = 0770CD6F18DF30B800A616D3 /* KaboomTests.xctest */;
			productType = "com.apple.product-type.bundle.unit-test";
		};
		07D263291816B28E0060E3E9 /* Kaboom */ = {
			isa = PBXNativeTarget;
			buildConfigurationList = 07D264DD1816B28F0060E3E9 /* Build configuration list for PBXNativeTarget "Kaboom" */;
			buildPhases = (
				EEF02B42967247F499DA9224 /* Check Pods Manifest.lock */,
				07D263261816B28E0060E3E9 /* Sources */,
				07D263271816B28E0060E3E9 /* Frameworks */,
				07D263281816B28E0060E3E9 /* Resources */,
				EBED0B916D9E43E9A086C495 /* Copy Pods Resources */,
			);
			buildRules = (
			);
			dependencies = (
			);
			name = Kaboom;
			productName = Kaboom;
			productReference = 07D2632A1816B28E0060E3E9 /* starbaby.app */;
			productType = "com.apple.product-type.application";
		};
		07D264E41816B64A0060E3E9 /* Specs */ = {
			isa = PBXNativeTarget;
			buildConfigurationList = 07D264F21816B64A0060E3E9 /* Build configuration list for PBXNativeTarget "Specs" */;
			buildPhases = (
				7C8B8E5889074FA189FBEE7F /* Check Pods Manifest.lock */,
				07D264E01816B64A0060E3E9 /* Sources */,
				07D264E11816B64A0060E3E9 /* Frameworks */,
				07D264E21816B64A0060E3E9 /* Resources */,
				D89A119804564803AC6F6B34 /* Copy Pods Resources */,
			);
			buildRules = (
			);
			dependencies = (
			);
			name = Specs;
			productName = Specs;
			productReference = 07D264E51816B64A0060E3E9 /* Specs.app */;
			productType = "com.apple.product-type.application";
		};
/* End PBXNativeTarget section */

/* Begin PBXProject section */
		07D263221816B28E0060E3E9 /* Project object */ = {
			isa = PBXProject;
			attributes = {
				LastUpgradeCheck = 0510;
				ORGANIZATIONNAME = "Eric Smith";
				TargetAttributes = {
					0770CD6E18DF30B800A616D3 = {
						TestTargetID = 07D263291816B28E0060E3E9;
					};
					07D263291816B28E0060E3E9 = {
						DevelopmentTeam = D8768X4ZJR;
					};
				};
			};
			buildConfigurationList = 07D263251816B28E0060E3E9 /* Build configuration list for PBXProject "Kaboom" */;
			compatibilityVersion = "Xcode 3.2";
			developmentRegion = English;
			hasScannedForEncodings = 0;
			knownRegions = (
				en,
			);
			mainGroup = 07D263211816B28E0060E3E9;
			productRefGroup = 07D2632B1816B28E0060E3E9 /* Products */;
			projectDirPath = "";
			projectRoot = "";
			targets = (
				07D263291816B28E0060E3E9 /* Kaboom */,
				07D264E41816B64A0060E3E9 /* Specs */,
				0770CD6E18DF30B800A616D3 /* KaboomTests */,
			);
		};
/* End PBXProject section */

/* Begin PBXResourcesBuildPhase section */
		0770CD6D18DF30B800A616D3 /* Resources */ = {
			isa = PBXResourcesBuildPhase;
			buildActionMask = 2147483647;
			files = (
				0770CD7918DF30B800A616D3 /* InfoPlist.strings in Resources */,
			);
			runOnlyForDeploymentPostprocessing = 0;
		};
		07D263281816B28E0060E3E9 /* Resources */ = {
			isa = PBXResourcesBuildPhase;
			buildActionMask = 2147483647;
			files = (
				07D263591816B28E0060E3E9 /* iTunesArtwork in Resources */,
				0760AE6B18A7F318001BF64D /* Images.xcassets in Resources */,
				2FA2898DEF1DCCF802D7C7C2 /* .!13545!TemplateIcon.icns in Resources */,
				2FA28A522C69779A46FC8B92 /* levels.plist in Resources */,
				2FA28B50C9E063A7A90D5662 /* Level.h in Resources */,
				2FA28AB5646A4158A188BCDA /* fire.png in Resources */,
				2FA2848DBEA0DE68A420B424 /* ccbParticleFire.png in Resources */,
				2FA28584F239869EB9CABEC0 /* bomb.wav in Resources */,
				2FA28C8D7E43F5E71EA1F6DB /* catch.wav in Resources */,
				2FA28A270551D32BE0807572 /* game-sprites0.plist in Resources */,
				2FA28F487E88D7EBF1BDB766 /* game-sprites0.pvr.ccz in Resources */,
				07CD70FC18EEDC6C00D39665 /* gamefnt.fnt in Resources */,
				2FA281A5E03EBB4D50B98D61 /* game-sprites0-hd.plist in Resources */,
				07CD70FD18EEDC6C00D39665 /* gamefnt.png in Resources */,
				2FA2829A3C3769945D9185A0 /* game-sprites0-hd.pvr.ccz in Resources */,
				2FA2874B87DFE4D62B9CE510 /* game-sprites0-ipadhd.plist in Resources */,
				2FA2873CA30BED837038A7E1 /* game-sprites0-ipadhd.pvr.ccz in Resources */,
				2FA28FAE434F1CDF86E96CDB /* IconsAndLaunchImages in Resources */,
				2FA28FCA846999174EDB0E36 /* DST-Garote.caf in Resources */,
				2FA28C6B3C9B8761C9875AF2 /* titlefnt.fnt in Resources */,
				2FA28E8FD18A7C77CB780772 /* titlefnt.png in Resources */,
			);
			runOnlyForDeploymentPostprocessing = 0;
		};
		07D264E21816B64A0060E3E9 /* Resources */ = {
			isa = PBXResourcesBuildPhase;
			buildActionMask = 2147483647;
			files = (
				07D47E9318DF263C005AFA9B /* RunIPhoneLaunchDaemons.sh in Resources */,
				07D264EE1816B64A0060E3E9 /* InfoPlist.strings in Resources */,
				2FA28DF15037C1C0F5A6C777 /* .!13545!TemplateIcon.icns in Resources */,
				2FA2889FA9FC0F6AF87FD3EB /* Level.h in Resources */,
			);
			runOnlyForDeploymentPostprocessing = 0;
		};
/* End PBXResourcesBuildPhase section */

/* Begin PBXShellScriptBuildPhase section */
		7C8B8E5889074FA189FBEE7F /* Check Pods Manifest.lock */ = {
			isa = PBXShellScriptBuildPhase;
			buildActionMask = 2147483647;
			files = (
			);
			inputPaths = (
			);
			name = "Check Pods Manifest.lock";
			outputPaths = (
			);
			runOnlyForDeploymentPostprocessing = 0;
			shellPath = /bin/sh;
			shellScript = "diff \"${PODS_ROOT}/../Podfile.lock\" \"${PODS_ROOT}/Manifest.lock\" > /dev/null\nif [[ $? != 0 ]] ; then\n    cat << EOM\nerror: The sandbox is not in sync with the Podfile.lock. Run 'pod install' or update your CocoaPods installation.\nEOM\n    exit 1\nfi\n";
			showEnvVarsInLog = 0;
		};
		D1C90B196D8C4666A8F0C146 /* Check Pods Manifest.lock */ = {
			isa = PBXShellScriptBuildPhase;
			buildActionMask = 2147483647;
			files = (
			);
			inputPaths = (
			);
			name = "Check Pods Manifest.lock";
			outputPaths = (
			);
			runOnlyForDeploymentPostprocessing = 0;
			shellPath = /bin/sh;
			shellScript = "diff \"${PODS_ROOT}/../Podfile.lock\" \"${PODS_ROOT}/Manifest.lock\" > /dev/null\nif [[ $? != 0 ]] ; then\n    cat << EOM\nerror: The sandbox is not in sync with the Podfile.lock. Run 'pod install' or update your CocoaPods installation.\nEOM\n    exit 1\nfi\n";
			showEnvVarsInLog = 0;
		};
		D89A119804564803AC6F6B34 /* Copy Pods Resources */ = {
			isa = PBXShellScriptBuildPhase;
			buildActionMask = 2147483647;
			files = (
			);
			inputPaths = (
			);
			name = "Copy Pods Resources";
			outputPaths = (
			);
			runOnlyForDeploymentPostprocessing = 0;
			shellPath = /bin/sh;
			shellScript = "\"${SRCROOT}/Pods/Pods-Specs-resources.sh\"\n";
			showEnvVarsInLog = 0;
		};
		EBED0B916D9E43E9A086C495 /* Copy Pods Resources */ = {
			isa = PBXShellScriptBuildPhase;
			buildActionMask = 2147483647;
			files = (
			);
			inputPaths = (
			);
			name = "Copy Pods Resources";
			outputPaths = (
			);
			runOnlyForDeploymentPostprocessing = 0;
			shellPath = /bin/sh;
			shellScript = "\"${SRCROOT}/Pods/Pods-Kaboom-resources.sh\"\n";
			showEnvVarsInLog = 0;
		};
		EEF02B42967247F499DA9224 /* Check Pods Manifest.lock */ = {
			isa = PBXShellScriptBuildPhase;
			buildActionMask = 2147483647;
			files = (
			);
			inputPaths = (
			);
			name = "Check Pods Manifest.lock";
			outputPaths = (
			);
			runOnlyForDeploymentPostprocessing = 0;
			shellPath = /bin/sh;
			shellScript = "diff \"${PODS_ROOT}/../Podfile.lock\" \"${PODS_ROOT}/Manifest.lock\" > /dev/null\nif [[ $? != 0 ]] ; then\n    cat << EOM\nerror: The sandbox is not in sync with the Podfile.lock. Run 'pod install' or update your CocoaPods installation.\nEOM\n    exit 1\nfi\n";
			showEnvVarsInLog = 0;
		};
		F18CF1233DFC4BB7804DCE24 /* Copy Pods Resources */ = {
			isa = PBXShellScriptBuildPhase;
			buildActionMask = 2147483647;
			files = (
			);
			inputPaths = (
			);
			name = "Copy Pods Resources";
			outputPaths = (
			);
			runOnlyForDeploymentPostprocessing = 0;
			shellPath = /bin/sh;
			shellScript = "\"${SRCROOT}/Pods/Pods-KaboomTests-resources.sh\"\n";
			showEnvVarsInLog = 0;
		};
/* End PBXShellScriptBuildPhase section */

/* Begin PBXSourcesBuildPhase section */
		0770CD6B18DF30B800A616D3 /* Sources */ = {
			isa = PBXSourcesBuildPhase;
			buildActionMask = 2147483647;
			files = (
				0770CD7B18DF30B800A616D3 /* NavigationStateMachineSpec.m in Sources */,
				0711C36D18F4288500F3FBE1 /* GameCenterAuthenticationSpec.m in Sources */,
			);
			runOnlyForDeploymentPostprocessing = 0;
		};
		07D263261816B28E0060E3E9 /* Sources */ = {
			isa = PBXSourcesBuildPhase;
			buildActionMask = 2147483647;
			files = (
				07D264D11816B28F0060E3E9 /* main.m in Sources */,
				2FA28C81C391BD41E6ACAA07 /* KaboomLayer.m in Sources */,
				2FA2889AADDBAFFEC7433782 /* AppDelegate.m in Sources */,
				2FA285B1824CBBFED0CDF631 /* Buckets.m in Sources */,
				2FA288FEE49CFAADEEA0BF55 /* BucketsNode.m in Sources */,
				2FA28446EDF0DD2103EEDC43 /* Bomber2D.m in Sources */,
				2FA28591DA97CC60FF6CFBB8 /* RandomLocationChooser.m in Sources */,
				2FA2866F546500DC3C127660 /* StandardRandomNumberGenerator.m in Sources */,
				2FA28C456D50E80F1F5FF4C8 /* BomberSprite.m in Sources */,
				2FA2883B02F5B0DE568C0706 /* Kaboom.m in Sources */,
				2FA286855900F769D7D19113 /* Bomb2D.m in Sources */,
				2FA28FB8F0CD2AA6F8628946 /* BombSprite.m in Sources */,
				073972C518BE1EA00093812A /* GameCenterAuthentication.m in Sources */,
				2FA28A2308B558C0FA0218CD /* BucketSprite.m in Sources */,
				2FA28AC343FF904DAB2BF688 /* Bucket2D.m in Sources */,
				2FA28522E9A7CE30113818E2 /* Level.m in Sources */,
				07C325B618B1920600056340 /* AdDelegate.m in Sources */,
				2FA28A4C733A233C5C9C32A6 /* BombExplosion.m in Sources */,
				0719465C18EC34F0006D3995 /* CCDirector+PopTransition.m in Sources */,
				2FA28BFED97CB28C1B9DB0CA /* GameBlackboard.m in Sources */,
				2FA28E4937C3999A510C3470 /* Event.m in Sources */,
				2FA2847B7ADE3F3A576E13ED /* LevelCollectionArray.m in Sources */,
				2FA28ACA306F3795C98AACE1 /* KaboomContext.m in Sources */,
				2FA28EBE6573BD70FB5058EB /* CocosSizeStrategy.m in Sources */,
				2FA28D3CB596C6B8E6CF7A5C /* SizeService.m in Sources */,
				2FA28F54212A0DE8FAC5B443 /* Scaler.m in Sources */,
				2FA28CBA92A5A6F7CA25505D /* Constants.m in Sources */,
				2FA28C3BD6D0820F1456F781 /* ScaledSprite.m in Sources */,
				2FA2896F9C34F5E0E4487024 /* LevelCollectionProcedural.m in Sources */,
				2FA280D926088C4536C0CEE4 /* CreditsLayer.m in Sources */,
				2FA28905668E783012CD756C /* CocosDirectorAdapter.m in Sources */,
				2FA288989FCAB68F9681B376 /* MainMenuLayer.m in Sources */,
				2FA284C3992F3F77B375852F /* NavigationStateMachine.m in Sources */,
			);
			runOnlyForDeploymentPostprocessing = 0;
		};
		07D264E01816B64A0060E3E9 /* Sources */ = {
			isa = PBXSourcesBuildPhase;
			buildActionMask = 2147483647;
			files = (
				07BA15F418DF1683000CD614 /* CCDirectorIOS.m in Sources */,
				07D264F01816B64A0060E3E9 /* main.m in Sources */,
				07B38BE71817F2560065C07E /* Bomber2DSpec.m in Sources */,
				2FA28A2FCE93A3EFF656B840 /* BucketsSpec.m in Sources */,
				2FA28275A7EDE30FE9BC8AE6 /* Buckets.m in Sources */,
				07C325B718B1920600056340 /* AdDelegate.m in Sources */,
				2FA28EFCBF7E9A44AB505581 /* Bomber2D.m in Sources */,
				2FA280449616A84071160E28 /* RandomLocationChooserSpec.m in Sources */,
				2FA2897B2FC16B183100CF7F /* RandomLocationChooser.m in Sources */,
				2FA28067662F9A354E862A05 /* StandardRandomNumberGenerator.m in Sources */,
				2FA2850029BDCDB0D2BE7EBC /* KaboomSpec.m in Sources */,
				2FA28D1BBCF9EAF7B2B86FA9 /* Kaboom.m in Sources */,
				2FA285A0E29ED47D1417F7BC /* Bomb2D.m in Sources */,
				2FA28C99D74E192153936D49 /* Bucket2D.m in Sources */,
				2FA28622B00C64CDC2A430FB /* Bucket2DSpec.m in Sources */,
				2FA28BBBEFF99088AAB6453B /* Bomb2DSpec.m in Sources */,
				2FA28EF3472AD27B423BA8EE /* Level.m in Sources */,
				2FA28F76808879FBD6B5FDFE /* GameBlackboard.m in Sources */,
				07C325AE18B1847800056340 /* AdDelegateSpec.m in Sources */,
				2FA28DAE8944A9C8292E2CBF /* Event.m in Sources */,
				07C325BE18B19A6200056340 /* CCDirectorIOS+Tracking.m in Sources */,
				2FA2885FB423D63C32A85F02 /* GameBlackboardSpec.m in Sources */,
				2FA28EF3A60F4095A5A21F0D /* LevelCollectionArraySpec.m in Sources */,
				2FA288ED10E147DC9C66C8A7 /* LevelCollectionArray.m in Sources */,
				079B972118B2408C00B53776 /* CCDirector.m in Sources */,
				2FA28D424079F98F48463E58 /* KaboomContext.m in Sources */,
				2FA28C7735C51230240E21B1 /* SizeServiceSpec.m in Sources */,
				2FA282BEEFACA43B0F69E24E /* SizeService.m in Sources */,
				2FA28617B8B29674F6E738CE /* ScalerSpec.m in Sources */,
				2FA28952F8519C00B911B914 /* Scaler.m in Sources */,
				2FA28277CBE37E442EE28CA2 /* Constants.m in Sources */,
				2FA2886317E0E94DFC24C2A0 /* LevelCollectionProceduralSpec.m in Sources */,
				2FA28B90AA567533093C1591 /* LevelCollectionProcedural.m in Sources */,
				2FA28B0BEF2BDE743479EC33 /* KaboomContextSpec.m in Sources */,
				2FA2871A0CAE5085D7576269 /* CocosDirectorAdapterSpec.m in Sources */,
				2FA280DE9A8FD209D289EFA0 /* CocosDirectorAdapter.m in Sources */,
				2FA28F5FF0EA2C257D86CF35 /* NavigationStateMachine.m in Sources */,
			);
			runOnlyForDeploymentPostprocessing = 0;
		};
/* End PBXSourcesBuildPhase section */

/* Begin PBXTargetDependency section */
		0770CD7E18DF30B800A616D3 /* PBXTargetDependency */ = {
			isa = PBXTargetDependency;
			target = 07D263291816B28E0060E3E9 /* Kaboom */;
			targetProxy = 0770CD7D18DF30B800A616D3 /* PBXContainerItemProxy */;
		};
/* End PBXTargetDependency section */

/* Begin PBXVariantGroup section */
		0770CD7718DF30B800A616D3 /* InfoPlist.strings */ = {
			isa = PBXVariantGroup;
			children = (
				0770CD7818DF30B800A616D3 /* en */,
			);
			name = InfoPlist.strings;
			sourceTree = "<group>";
		};
		07D264EC1816B64A0060E3E9 /* InfoPlist.strings */ = {
			isa = PBXVariantGroup;
			children = (
				07D264ED1816B64A0060E3E9 /* en */,
			);
			name = InfoPlist.strings;
			sourceTree = "<group>";
		};
/* End PBXVariantGroup section */

/* Begin XCBuildConfiguration section */
		0770CD8018DF30B800A616D3 /* Debug */ = {
			isa = XCBuildConfiguration;
			baseConfigurationReference = B77C57C3E9974AC184532F58 /* Pods-KaboomTests.xcconfig */;
			buildSettings = {
				ALWAYS_SEARCH_USER_PATHS = NO;
				BUNDLE_LOADER = "$(BUILT_PRODUCTS_DIR)/starbaby.app/starbaby";
				CLANG_CXX_LANGUAGE_STANDARD = "gnu++0x";
				CLANG_CXX_LIBRARY = "libc++";
				CLANG_ENABLE_MODULES = YES;
				CLANG_ENABLE_OBJC_ARC = YES;
				CLANG_WARN_BOOL_CONVERSION = YES;
				CLANG_WARN_CONSTANT_CONVERSION = YES;
				CLANG_WARN_DIRECT_OBJC_ISA_USAGE = YES_ERROR;
				CLANG_WARN_EMPTY_BODY = YES;
				CLANG_WARN_ENUM_CONVERSION = YES;
				CLANG_WARN_INT_CONVERSION = YES;
				CLANG_WARN_OBJC_ROOT_CLASS = YES_ERROR;
				CLANG_WARN__DUPLICATE_METHOD_MATCH = YES;
				COPY_PHASE_STRIP = NO;
				FRAMEWORK_SEARCH_PATHS = (
					"$(SDKROOT)/Developer/Library/Frameworks",
					"$(inherited)",
					"$(DEVELOPER_FRAMEWORKS_DIR)",
				);
				GCC_DYNAMIC_NO_PIC = NO;
				GCC_PRECOMPILE_PREFIX_HEADER = YES;
				GCC_PREFIX_HEADER = "KaboomTests/KaboomTests-Prefix.pch";
				GCC_PREPROCESSOR_DEFINITIONS = (
					"DEBUG=1",
					"$(inherited)",
				);
				GCC_WARN_64_TO_32_BIT_CONVERSION = YES;
				GCC_WARN_ABOUT_RETURN_TYPE = YES_ERROR;
				GCC_WARN_UNDECLARED_SELECTOR = YES;
				GCC_WARN_UNINITIALIZED_AUTOS = YES_AGGRESSIVE;
				GCC_WARN_UNUSED_FUNCTION = YES;
				INFOPLIST_FILE = "KaboomTests/KaboomTests-Info.plist";
				IPHONEOS_DEPLOYMENT_TARGET = 7.1;
				OTHER_LDFLAGS = (
					"-ObjC",
					"-lz",
					"-framework",
					AVFoundation,
					"-framework",
					AudioToolbox,
					"-framework",
					CoreText,
					"-framework",
					GameKit,
					"-framework",
					OpenAL,
					"-framework",
					OpenGLES,
					"-framework",
					QuartzCore,
					"-framework",
					XCTest,
				);
				PRODUCT_NAME = "$(TARGET_NAME)";
				TEST_HOST = "$(BUNDLE_LOADER)";
				WRAPPER_EXTENSION = xctest;
			};
			name = Debug;
		};
		0770CD8118DF30B800A616D3 /* Release */ = {
			isa = XCBuildConfiguration;
			baseConfigurationReference = B77C57C3E9974AC184532F58 /* Pods-KaboomTests.xcconfig */;
			buildSettings = {
				ALWAYS_SEARCH_USER_PATHS = NO;
				BUNDLE_LOADER = "$(BUILT_PRODUCTS_DIR)/starbaby.app/starbaby";
				CLANG_CXX_LANGUAGE_STANDARD = "gnu++0x";
				CLANG_CXX_LIBRARY = "libc++";
				CLANG_ENABLE_MODULES = YES;
				CLANG_ENABLE_OBJC_ARC = YES;
				CLANG_WARN_BOOL_CONVERSION = YES;
				CLANG_WARN_CONSTANT_CONVERSION = YES;
				CLANG_WARN_DIRECT_OBJC_ISA_USAGE = YES_ERROR;
				CLANG_WARN_EMPTY_BODY = YES;
				CLANG_WARN_ENUM_CONVERSION = YES;
				CLANG_WARN_INT_CONVERSION = YES;
				CLANG_WARN_OBJC_ROOT_CLASS = YES_ERROR;
				CLANG_WARN__DUPLICATE_METHOD_MATCH = YES;
				COPY_PHASE_STRIP = YES;
				ENABLE_NS_ASSERTIONS = NO;
				FRAMEWORK_SEARCH_PATHS = (
					"$(SDKROOT)/Developer/Library/Frameworks",
					"$(inherited)",
					"$(DEVELOPER_FRAMEWORKS_DIR)",
				);
				GCC_PRECOMPILE_PREFIX_HEADER = YES;
				GCC_PREFIX_HEADER = "KaboomTests/KaboomTests-Prefix.pch";
				GCC_WARN_64_TO_32_BIT_CONVERSION = YES;
				GCC_WARN_ABOUT_RETURN_TYPE = YES_ERROR;
				GCC_WARN_UNDECLARED_SELECTOR = YES;
				GCC_WARN_UNINITIALIZED_AUTOS = YES_AGGRESSIVE;
				GCC_WARN_UNUSED_FUNCTION = YES;
				INFOPLIST_FILE = "KaboomTests/KaboomTests-Info.plist";
				IPHONEOS_DEPLOYMENT_TARGET = 7.1;
				OTHER_LDFLAGS = (
					"-ObjC",
					"-lz",
					"-framework",
					AVFoundation,
					"-framework",
					AudioToolbox,
					"-framework",
					CoreText,
					"-framework",
					GameKit,
					"-framework",
					OpenAL,
					"-framework",
					OpenGLES,
					"-framework",
					QuartzCore,
					"-framework",
					XCTest,
				);
				PRODUCT_NAME = "$(TARGET_NAME)";
				TEST_HOST = "$(BUNDLE_LOADER)";
				VALIDATE_PRODUCT = YES;
				WRAPPER_EXTENSION = xctest;
			};
			name = Release;
		};
		07D264DB1816B28F0060E3E9 /* Debug */ = {
			isa = XCBuildConfiguration;
			buildSettings = {
				CLANG_WARN_BOOL_CONVERSION = YES;
				CLANG_WARN_CONSTANT_CONVERSION = YES;
				CLANG_WARN_EMPTY_BODY = YES;
				CLANG_WARN_ENUM_CONVERSION = YES;
				CLANG_WARN_INT_CONVERSION = YES;
				CLANG_WARN__DUPLICATE_METHOD_MATCH = YES;
				"CODE_SIGN_IDENTITY[sdk=iphoneos*]" = "iPhone Developer";
				GCC_C_LANGUAGE_STANDARD = gnu99;
				GCC_OPTIMIZATION_LEVEL = 0;
				GCC_PREPROCESSOR_DEFINITIONS = (
					DEBUG,
					"COCOS2D_DEBUG=1",
				);
				GCC_SYMBOLS_PRIVATE_EXTERN = NO;
				GCC_VERSION = com.apple.compilers.llvm.clang.1_0;
				GCC_WARN_64_TO_32_BIT_CONVERSION = YES;
				GCC_WARN_ABOUT_RETURN_TYPE = YES;
				GCC_WARN_UNDECLARED_SELECTOR = YES;
				GCC_WARN_UNINITIALIZED_AUTOS = YES;
				GCC_WARN_UNUSED_FUNCTION = YES;
				GCC_WARN_UNUSED_VARIABLE = YES;
				IPHONEOS_DEPLOYMENT_TARGET = 7.0;
				ONLY_ACTIVE_ARCH = YES;
				SDKROOT = iphoneos;
				TARGETED_DEVICE_FAMILY = "1,2";
			};
			name = Debug;
		};
		07D264DC1816B28F0060E3E9 /* Release */ = {
			isa = XCBuildConfiguration;
			buildSettings = {
				CLANG_WARN_BOOL_CONVERSION = YES;
				CLANG_WARN_CONSTANT_CONVERSION = YES;
				CLANG_WARN_EMPTY_BODY = YES;
				CLANG_WARN_ENUM_CONVERSION = YES;
				CLANG_WARN_INT_CONVERSION = YES;
				CLANG_WARN__DUPLICATE_METHOD_MATCH = YES;
				"CODE_SIGN_IDENTITY[sdk=iphoneos*]" = "iPhone Developer";
				GCC_C_LANGUAGE_STANDARD = gnu99;
				GCC_PREPROCESSOR_DEFINITIONS = (
					NDEBUG,
					"NS_BLOCK_ASSERTIONS=1",
				);
				GCC_VERSION = com.apple.compilers.llvm.clang.1_0;
				GCC_WARN_64_TO_32_BIT_CONVERSION = YES;
				GCC_WARN_ABOUT_RETURN_TYPE = YES;
				GCC_WARN_UNDECLARED_SELECTOR = YES;
				GCC_WARN_UNINITIALIZED_AUTOS = YES;
				GCC_WARN_UNUSED_FUNCTION = YES;
				GCC_WARN_UNUSED_VARIABLE = YES;
				IPHONEOS_DEPLOYMENT_TARGET = 7.0;
				ONLY_ACTIVE_ARCH = YES;
				SDKROOT = iphoneos;
				TARGETED_DEVICE_FAMILY = "1,2";
			};
			name = Release;
		};
		07D264DE1816B28F0060E3E9 /* Debug */ = {
			isa = XCBuildConfiguration;
			baseConfigurationReference = 3AC467CF45DB460C935BFE36 /* Pods-Kaboom.xcconfig */;
			buildSettings = {
				ALWAYS_SEARCH_USER_PATHS = NO;
				ASSETCATALOG_COMPILER_APPICON_NAME = AppIcon;
				ASSETCATALOG_COMPILER_LAUNCHIMAGE_NAME = LaunchImage;
				CLANG_ENABLE_OBJC_ARC = YES;
				CODE_SIGN_IDENTITY = "iPhone Developer";
				"CODE_SIGN_IDENTITY[sdk=iphoneos*]" = "iPhone Developer";
				COPY_PHASE_STRIP = NO;
				GCC_DYNAMIC_NO_PIC = NO;
				GCC_PRECOMPILE_PREFIX_HEADER = YES;
				GCC_PREFIX_HEADER = Kaboom/Prefix.pch;
				HEADER_SEARCH_PATHS = "$(inherited)";
				INFOPLIST_FILE = Kaboom/Resources/Info.plist;
				IPHONEOS_DEPLOYMENT_TARGET = 7.0;
				OTHER_LDFLAGS = (
					"$(inherited)",
					"-lz",
					"-lsqlite3",
					"-ObjC",
				);
				PRODUCT_NAME = starbaby;
				PROVISIONING_PROFILE = "";
				TARGETED_DEVICE_FAMILY = "1,2";
				WRAPPER_EXTENSION = app;
			};
			name = Debug;
		};
		07D264DF1816B28F0060E3E9 /* Release */ = {
			isa = XCBuildConfiguration;
			baseConfigurationReference = 3AC467CF45DB460C935BFE36 /* Pods-Kaboom.xcconfig */;
			buildSettings = {
				ALWAYS_SEARCH_USER_PATHS = NO;
				ASSETCATALOG_COMPILER_APPICON_NAME = AppIcon;
				ASSETCATALOG_COMPILER_LAUNCHIMAGE_NAME = LaunchImage;
				CLANG_ENABLE_OBJC_ARC = YES;
				CODE_SIGN_IDENTITY = "iPhone Developer";
				"CODE_SIGN_IDENTITY[sdk=iphoneos*]" = "iPhone Developer";
				COPY_PHASE_STRIP = YES;
				GCC_PRECOMPILE_PREFIX_HEADER = YES;
				GCC_PREFIX_HEADER = Kaboom/Prefix.pch;
				HEADER_SEARCH_PATHS = "$(inherited)";
				INFOPLIST_FILE = Kaboom/Resources/Info.plist;
				IPHONEOS_DEPLOYMENT_TARGET = 7.0;
				OTHER_LDFLAGS = (
					"$(inherited)",
					"-lz",
					"-lsqlite3",
					"-ObjC",
				);
				PRODUCT_NAME = starbaby;
				PROVISIONING_PROFILE = "";
				TARGETED_DEVICE_FAMILY = "1,2";
				VALIDATE_PRODUCT = YES;
				WRAPPER_EXTENSION = app;
			};
			name = Release;
		};
		07D264F31816B64A0060E3E9 /* Debug */ = {
			isa = XCBuildConfiguration;
			baseConfigurationReference = 799DE03DBF83466DBB282E6F /* Pods-Specs.xcconfig */;
			buildSettings = {
				ALWAYS_SEARCH_USER_PATHS = NO;
				CLANG_CXX_LANGUAGE_STANDARD = "gnu++0x";
				CLANG_CXX_LIBRARY = "libc++";
				CLANG_ENABLE_MODULES = YES;
				CLANG_ENABLE_OBJC_ARC = YES;
				CLANG_WARN_BOOL_CONVERSION = YES;
				CLANG_WARN_CONSTANT_CONVERSION = YES;
				CLANG_WARN_DIRECT_OBJC_ISA_USAGE = YES_ERROR;
				CLANG_WARN_EMPTY_BODY = YES;
				CLANG_WARN_ENUM_CONVERSION = YES;
				CLANG_WARN_INT_CONVERSION = YES;
				CLANG_WARN_OBJC_ROOT_CLASS = YES_ERROR;
				CLANG_WARN__DUPLICATE_METHOD_MATCH = YES;
				COPY_PHASE_STRIP = NO;
				GCC_DYNAMIC_NO_PIC = NO;
				GCC_PRECOMPILE_PREFIX_HEADER = YES;
				GCC_PREFIX_HEADER = "Specs/Specs-Prefix.pch";
				GCC_PREPROCESSOR_DEFINITIONS = (
					"DEBUG=1",
					"$(inherited)",
				);
				GCC_WARN_64_TO_32_BIT_CONVERSION = YES;
				GCC_WARN_ABOUT_RETURN_TYPE = YES_ERROR;
				GCC_WARN_UNDECLARED_SELECTOR = YES;
				GCC_WARN_UNINITIALIZED_AUTOS = YES;
				GCC_WARN_UNUSED_FUNCTION = YES;
				HEADER_SEARCH_PATHS = (
					"$(inherited)",
					"${PODS_ROOT}/Headers/external/kazmath/include",
				);
				INFOPLIST_FILE = "Specs/Specs-Info.plist";
				IPHONEOS_DEPLOYMENT_TARGET = 7.0;
				ONLY_ACTIVE_ARCH = YES;
				PRODUCT_NAME = "$(TARGET_NAME)";
				WRAPPER_EXTENSION = app;
			};
			name = Debug;
		};
		07D264F41816B64A0060E3E9 /* Release */ = {
			isa = XCBuildConfiguration;
			baseConfigurationReference = 799DE03DBF83466DBB282E6F /* Pods-Specs.xcconfig */;
			buildSettings = {
				ALWAYS_SEARCH_USER_PATHS = NO;
				CLANG_CXX_LANGUAGE_STANDARD = "gnu++0x";
				CLANG_CXX_LIBRARY = "libc++";
				CLANG_ENABLE_MODULES = YES;
				CLANG_ENABLE_OBJC_ARC = YES;
				CLANG_WARN_BOOL_CONVERSION = YES;
				CLANG_WARN_CONSTANT_CONVERSION = YES;
				CLANG_WARN_DIRECT_OBJC_ISA_USAGE = YES_ERROR;
				CLANG_WARN_EMPTY_BODY = YES;
				CLANG_WARN_ENUM_CONVERSION = YES;
				CLANG_WARN_INT_CONVERSION = YES;
				CLANG_WARN_OBJC_ROOT_CLASS = YES_ERROR;
				CLANG_WARN__DUPLICATE_METHOD_MATCH = YES;
				COPY_PHASE_STRIP = YES;
				ENABLE_NS_ASSERTIONS = NO;
				GCC_PRECOMPILE_PREFIX_HEADER = YES;
				GCC_PREFIX_HEADER = "Specs/Specs-Prefix.pch";
				GCC_WARN_64_TO_32_BIT_CONVERSION = YES;
				GCC_WARN_ABOUT_RETURN_TYPE = YES_ERROR;
				GCC_WARN_UNDECLARED_SELECTOR = YES;
				GCC_WARN_UNINITIALIZED_AUTOS = YES;
				GCC_WARN_UNUSED_FUNCTION = YES;
				HEADER_SEARCH_PATHS = (
					"$(inherited)",
					"${PODS_ROOT}/Headers/external/kazmath/include",
				);
				INFOPLIST_FILE = "Specs/Specs-Info.plist";
				IPHONEOS_DEPLOYMENT_TARGET = 7.0;
				OTHER_CFLAGS = "-DNS_BLOCK_ASSERTIONS=1";
				PRODUCT_NAME = "$(TARGET_NAME)";
				VALIDATE_PRODUCT = YES;
				WRAPPER_EXTENSION = app;
			};
			name = Release;
		};
/* End XCBuildConfiguration section */

/* Begin XCConfigurationList section */
		0770CD7F18DF30B800A616D3 /* Build configuration list for PBXNativeTarget "KaboomTests" */ = {
			isa = XCConfigurationList;
			buildConfigurations = (
				0770CD8018DF30B800A616D3 /* Debug */,
				0770CD8118DF30B800A616D3 /* Release */,
			);
			defaultConfigurationIsVisible = 0;
			defaultConfigurationName = Release;
		};
		07D263251816B28E0060E3E9 /* Build configuration list for PBXProject "Kaboom" */ = {
			isa = XCConfigurationList;
			buildConfigurations = (
				07D264DB1816B28F0060E3E9 /* Debug */,
				07D264DC1816B28F0060E3E9 /* Release */,
			);
			defaultConfigurationIsVisible = 0;
			defaultConfigurationName = Release;
		};
		07D264DD1816B28F0060E3E9 /* Build configuration list for PBXNativeTarget "Kaboom" */ = {
			isa = XCConfigurationList;
			buildConfigurations = (
				07D264DE1816B28F0060E3E9 /* Debug */,
				07D264DF1816B28F0060E3E9 /* Release */,
			);
			defaultConfigurationIsVisible = 0;
			defaultConfigurationName = Release;
		};
		07D264F21816B64A0060E3E9 /* Build configuration list for PBXNativeTarget "Specs" */ = {
			isa = XCConfigurationList;
			buildConfigurations = (
				07D264F31816B64A0060E3E9 /* Debug */,
				07D264F41816B64A0060E3E9 /* Release */,
			);
			defaultConfigurationIsVisible = 0;
			defaultConfigurationName = Release;
		};
/* End XCConfigurationList section */
	};
	rootObject = 07D263221816B28E0060E3E9 /* Project object */;
}
