// !$*UTF8*$!
{
	archiveVersion = 1;
	classes = {
	};
	objectVersion = 46;
	objects = {

/* Begin PBXBuildFile section */
		07B38BE71817F2560065C07E /* Bomber2DSpec.m in Sources */ = {isa = PBXBuildFile; fileRef = 07B38BE61817F2560065C07E /* Bomber2DSpec.m */; };
		07D2632E1816B28E0060E3E9 /* QuartzCore.framework in Frameworks */ = {isa = PBXBuildFile; fileRef = 07D2632D1816B28E0060E3E9 /* QuartzCore.framework */; };
		07D263301816B28E0060E3E9 /* OpenGLES.framework in Frameworks */ = {isa = PBXBuildFile; fileRef = 07D2632F1816B28E0060E3E9 /* OpenGLES.framework */; };
		07D263321816B28E0060E3E9 /* OpenAL.framework in Frameworks */ = {isa = PBXBuildFile; fileRef = 07D263311816B28E0060E3E9 /* OpenAL.framework */; };
		07D263341816B28E0060E3E9 /* AudioToolbox.framework in Frameworks */ = {isa = PBXBuildFile; fileRef = 07D263331816B28E0060E3E9 /* AudioToolbox.framework */; };
		07D263361816B28E0060E3E9 /* AVFoundation.framework in Frameworks */ = {isa = PBXBuildFile; fileRef = 07D263351816B28E0060E3E9 /* AVFoundation.framework */; };
		07D263381816B28E0060E3E9 /* UIKit.framework in Frameworks */ = {isa = PBXBuildFile; fileRef = 07D263371816B28E0060E3E9 /* UIKit.framework */; };
		07D2633A1816B28E0060E3E9 /* Foundation.framework in Frameworks */ = {isa = PBXBuildFile; fileRef = 07D263391816B28E0060E3E9 /* Foundation.framework */; };
		07D2633C1816B28E0060E3E9 /* CoreGraphics.framework in Frameworks */ = {isa = PBXBuildFile; fileRef = 07D2633B1816B28E0060E3E9 /* CoreGraphics.framework */; };
		07D2633E1816B28E0060E3E9 /* CoreText.framework in Frameworks */ = {isa = PBXBuildFile; fileRef = 07D2633D1816B28E0060E3E9 /* CoreText.framework */; };
		07D263401816B28E0060E3E9 /* GameKit.framework in Frameworks */ = {isa = PBXBuildFile; fileRef = 07D2633F1816B28E0060E3E9 /* GameKit.framework */; };
		07D263441816B28E0060E3E9 /* Default.png in Resources */ = {isa = PBXBuildFile; fileRef = 07D263431816B28E0060E3E9 /* Default.png */; };
		07D263461816B28E0060E3E9 /* Default@2x.png in Resources */ = {isa = PBXBuildFile; fileRef = 07D263451816B28E0060E3E9 /* Default@2x.png */; };
		07D263481816B28E0060E3E9 /* Default-568h@2x.png in Resources */ = {isa = PBXBuildFile; fileRef = 07D263471816B28E0060E3E9 /* Default-568h@2x.png */; };
		07D2634A1816B28E0060E3E9 /* Default-Landscape~ipad.png in Resources */ = {isa = PBXBuildFile; fileRef = 07D263491816B28E0060E3E9 /* Default-Landscape~ipad.png */; };
		07D2634C1816B28E0060E3E9 /* Icon-72.png in Resources */ = {isa = PBXBuildFile; fileRef = 07D2634B1816B28E0060E3E9 /* Icon-72.png */; };
		07D2634E1816B28E0060E3E9 /* Icon-Small-50.png in Resources */ = {isa = PBXBuildFile; fileRef = 07D2634D1816B28E0060E3E9 /* Icon-Small-50.png */; };
		07D263501816B28E0060E3E9 /* Icon-Small.png in Resources */ = {isa = PBXBuildFile; fileRef = 07D2634F1816B28E0060E3E9 /* Icon-Small.png */; };
		07D263521816B28E0060E3E9 /* Icon-Small@2x.png in Resources */ = {isa = PBXBuildFile; fileRef = 07D263511816B28E0060E3E9 /* Icon-Small@2x.png */; };
		07D263541816B28E0060E3E9 /* Icon.png in Resources */ = {isa = PBXBuildFile; fileRef = 07D263531816B28E0060E3E9 /* Icon.png */; };
		07D263561816B28E0060E3E9 /* Icon@2x.png in Resources */ = {isa = PBXBuildFile; fileRef = 07D263551816B28E0060E3E9 /* Icon@2x.png */; };
		07D263591816B28E0060E3E9 /* iTunesArtwork in Resources */ = {isa = PBXBuildFile; fileRef = 07D263581816B28E0060E3E9 /* iTunesArtwork */; };
		07D264D11816B28F0060E3E9 /* main.m in Sources */ = {isa = PBXBuildFile; fileRef = 07D264D01816B28F0060E3E9 /* main.m */; };
		07D264E61816B64A0060E3E9 /* UIKit.framework in Frameworks */ = {isa = PBXBuildFile; fileRef = 07D263371816B28E0060E3E9 /* UIKit.framework */; };
		07D264E71816B64A0060E3E9 /* Foundation.framework in Frameworks */ = {isa = PBXBuildFile; fileRef = 07D263391816B28E0060E3E9 /* Foundation.framework */; };
		07D264E81816B64A0060E3E9 /* CoreGraphics.framework in Frameworks */ = {isa = PBXBuildFile; fileRef = 07D2633B1816B28E0060E3E9 /* CoreGraphics.framework */; };
		07D264EE1816B64A0060E3E9 /* InfoPlist.strings in Resources */ = {isa = PBXBuildFile; fileRef = 07D264EC1816B64A0060E3E9 /* InfoPlist.strings */; };
		07D264F01816B64A0060E3E9 /* main.m in Sources */ = {isa = PBXBuildFile; fileRef = 07D264EF1816B64A0060E3E9 /* main.m */; };
		2FA280449616A84071160E28 /* RandomLocationChooserSpec.m in Sources */ = {isa = PBXBuildFile; fileRef = 2FA289283D7553CFAE0C517E /* RandomLocationChooserSpec.m */; };
		2FA28067662F9A354E862A05 /* StandardRandomNumberGenerator.m in Sources */ = {isa = PBXBuildFile; fileRef = 2FA28F21DFF4F53C8AC9C4EA /* StandardRandomNumberGenerator.m */; };
		2FA281B6E050D46C06F78375 /* bomb.png in Resources */ = {isa = PBXBuildFile; fileRef = 2FA28EFAA67F8049B3B882B8 /* bomb.png */; };
		2FA28275A7EDE30FE9BC8AE6 /* Buckets2D.m in Sources */ = {isa = PBXBuildFile; fileRef = 2FA284445034A66D23A69772 /* Buckets2D.m */; };
		2FA28446EDF0DD2103EEDC43 /* Bomber2D.m in Sources */ = {isa = PBXBuildFile; fileRef = 2FA288C49F5E6138D1521493 /* Bomber2D.m */; };
		2FA2850029BDCDB0D2BE7EBC /* KaboomLevelSpec.m in Sources */ = {isa = PBXBuildFile; fileRef = 2FA28C951EF791E384FF0C5E /* KaboomLevelSpec.m */; };
		2FA2858789EE92F19F7716C3 /* .!13545!TemplateIcon.icns in Resources */ = {isa = PBXBuildFile; fileRef = 2FA28DA8913787EE54AD3EA3 /* .!13545!TemplateIcon.icns */; };
		2FA28591DA97CC60FF6CFBB8 /* RandomLocationChooser.m in Sources */ = {isa = PBXBuildFile; fileRef = 2FA2841FD75301789CE52605 /* RandomLocationChooser.m */; };
		2FA285B1824CBBFED0CDF631 /* Buckets2D.m in Sources */ = {isa = PBXBuildFile; fileRef = 2FA284445034A66D23A69772 /* Buckets2D.m */; };
		2FA2866F546500DC3C127660 /* StandardRandomNumberGenerator.m in Sources */ = {isa = PBXBuildFile; fileRef = 2FA28F21DFF4F53C8AC9C4EA /* StandardRandomNumberGenerator.m */; };
		2FA2883B02F5B0DE568C0706 /* KaboomLevel.m in Sources */ = {isa = PBXBuildFile; fileRef = 2FA28DCCDD0B042977B8775F /* KaboomLevel.m */; };
		2FA2889AADDBAFFEC7433782 /* AppDelegate.m in Sources */ = {isa = PBXBuildFile; fileRef = 2FA28F5202D6444CC2ABC705 /* AppDelegate.m */; };
		2FA288FEE49CFAADEEA0BF55 /* BucketsSprite.m in Sources */ = {isa = PBXBuildFile; fileRef = 2FA28AA88E0D958362D9515B /* BucketsSprite.m */; };
		2FA28917A410A7D71147541B /* buckets.png in Resources */ = {isa = PBXBuildFile; fileRef = 2FA2879935C30175FC46E403 /* buckets.png */; };
		2FA2897B2FC16B183100CF7F /* RandomLocationChooser.m in Sources */ = {isa = PBXBuildFile; fileRef = 2FA2841FD75301789CE52605 /* RandomLocationChooser.m */; };
		2FA2898DEF1DCCF802D7C7C2 /* .!13545!TemplateIcon.icns in Resources */ = {isa = PBXBuildFile; fileRef = 2FA28105F8AD8513D6714DA3 /* .!13545!TemplateIcon.icns */; };
		2FA289EA7F577BC6EAFF9AAD /* IntroLayer.m in Sources */ = {isa = PBXBuildFile; fileRef = 2FA28CD73921DBD4533469C9 /* IntroLayer.m */; };
		2FA28A2FCE93A3EFF656B840 /* Buckets2DSpec.m in Sources */ = {isa = PBXBuildFile; fileRef = 2FA2893A4D9A61B3A1D7A549 /* Buckets2DSpec.m */; };
		2FA28C456D50E80F1F5FF4C8 /* BomberSprite.m in Sources */ = {isa = PBXBuildFile; fileRef = 2FA285481EF46AADB0F024DB /* BomberSprite.m */; };
		2FA28C81C391BD41E6ACAA07 /* BombingLayer.m in Sources */ = {isa = PBXBuildFile; fileRef = 2FA28F43377C8334BFCE6A95 /* BombingLayer.m */; };
		2FA28D1BBCF9EAF7B2B86FA9 /* KaboomLevel.m in Sources */ = {isa = PBXBuildFile; fileRef = 2FA28DCCDD0B042977B8775F /* KaboomLevel.m */; };
		2FA28DF15037C1C0F5A6C777 /* .!13545!TemplateIcon.icns in Resources */ = {isa = PBXBuildFile; fileRef = 2FA28105F8AD8513D6714DA3 /* .!13545!TemplateIcon.icns */; };
		2FA28EFCBF7E9A44AB505581 /* Bomber2D.m in Sources */ = {isa = PBXBuildFile; fileRef = 2FA288C49F5E6138D1521493 /* Bomber2D.m */; };
		2FA28F2DA1C7B230BD8889A6 /* bomber.png in Resources */ = {isa = PBXBuildFile; fileRef = 2FA28E569B51FB5D94F34D3E /* bomber.png */; };
		97625092F84B419FABCA0395 /* libPods-Specs.a in Frameworks */ = {isa = PBXBuildFile; fileRef = B054B6BB2B7D42C19CBCC376 /* libPods-Specs.a */; };
		D103E86B684445668EB844A3 /* libPods.a in Frameworks */ = {isa = PBXBuildFile; fileRef = 2E835FC4C4834368AA6DCF9E /* libPods.a */; };
/* End PBXBuildFile section */

/* Begin PBXFileReference section */
		07B38BE61817F2560065C07E /* Bomber2DSpec.m */ = {isa = PBXFileReference; fileEncoding = 4; lastKnownFileType = sourcecode.c.objc; path = Bomber2DSpec.m; sourceTree = "<group>"; };
		07D2632A1816B28E0060E3E9 /* Kaboom.app */ = {isa = PBXFileReference; explicitFileType = wrapper.application; includeInIndex = 0; path = Kaboom.app; sourceTree = BUILT_PRODUCTS_DIR; };
		07D2632D1816B28E0060E3E9 /* QuartzCore.framework */ = {isa = PBXFileReference; lastKnownFileType = wrapper.framework; name = QuartzCore.framework; path = System/Library/Frameworks/QuartzCore.framework; sourceTree = SDKROOT; };
		07D2632F1816B28E0060E3E9 /* OpenGLES.framework */ = {isa = PBXFileReference; lastKnownFileType = wrapper.framework; name = OpenGLES.framework; path = System/Library/Frameworks/OpenGLES.framework; sourceTree = SDKROOT; };
		07D263311816B28E0060E3E9 /* OpenAL.framework */ = {isa = PBXFileReference; lastKnownFileType = wrapper.framework; name = OpenAL.framework; path = System/Library/Frameworks/OpenAL.framework; sourceTree = SDKROOT; };
		07D263331816B28E0060E3E9 /* AudioToolbox.framework */ = {isa = PBXFileReference; lastKnownFileType = wrapper.framework; name = AudioToolbox.framework; path = System/Library/Frameworks/AudioToolbox.framework; sourceTree = SDKROOT; };
		07D263351816B28E0060E3E9 /* AVFoundation.framework */ = {isa = PBXFileReference; lastKnownFileType = wrapper.framework; name = AVFoundation.framework; path = System/Library/Frameworks/AVFoundation.framework; sourceTree = SDKROOT; };
		07D263371816B28E0060E3E9 /* UIKit.framework */ = {isa = PBXFileReference; lastKnownFileType = wrapper.framework; name = UIKit.framework; path = System/Library/Frameworks/UIKit.framework; sourceTree = SDKROOT; };
		07D263391816B28E0060E3E9 /* Foundation.framework */ = {isa = PBXFileReference; lastKnownFileType = wrapper.framework; name = Foundation.framework; path = System/Library/Frameworks/Foundation.framework; sourceTree = SDKROOT; };
		07D2633B1816B28E0060E3E9 /* CoreGraphics.framework */ = {isa = PBXFileReference; lastKnownFileType = wrapper.framework; name = CoreGraphics.framework; path = System/Library/Frameworks/CoreGraphics.framework; sourceTree = SDKROOT; };
		07D2633D1816B28E0060E3E9 /* CoreText.framework */ = {isa = PBXFileReference; lastKnownFileType = wrapper.framework; name = CoreText.framework; path = System/Library/Frameworks/CoreText.framework; sourceTree = SDKROOT; };
		07D2633F1816B28E0060E3E9 /* GameKit.framework */ = {isa = PBXFileReference; lastKnownFileType = wrapper.framework; name = GameKit.framework; path = System/Library/Frameworks/GameKit.framework; sourceTree = SDKROOT; };
		07D263431816B28E0060E3E9 /* Default.png */ = {isa = PBXFileReference; lastKnownFileType = image.png; name = Default.png; path = Resources/Default.png; sourceTree = "<group>"; };
		07D263451816B28E0060E3E9 /* Default@2x.png */ = {isa = PBXFileReference; lastKnownFileType = image.png; name = "Default@2x.png"; path = "Resources/Default@2x.png"; sourceTree = "<group>"; };
		07D263471816B28E0060E3E9 /* Default-568h@2x.png */ = {isa = PBXFileReference; lastKnownFileType = image.png; name = "Default-568h@2x.png"; path = "Resources/Default-568h@2x.png"; sourceTree = "<group>"; };
		07D263491816B28E0060E3E9 /* Default-Landscape~ipad.png */ = {isa = PBXFileReference; lastKnownFileType = image.png; name = "Default-Landscape~ipad.png"; path = "Resources/Default-Landscape~ipad.png"; sourceTree = "<group>"; };
		07D2634B1816B28E0060E3E9 /* Icon-72.png */ = {isa = PBXFileReference; lastKnownFileType = image.png; name = "Icon-72.png"; path = "Resources/Icon-72.png"; sourceTree = "<group>"; };
		07D2634D1816B28E0060E3E9 /* Icon-Small-50.png */ = {isa = PBXFileReference; lastKnownFileType = image.png; name = "Icon-Small-50.png"; path = "Resources/Icon-Small-50.png"; sourceTree = "<group>"; };
		07D2634F1816B28E0060E3E9 /* Icon-Small.png */ = {isa = PBXFileReference; lastKnownFileType = image.png; name = "Icon-Small.png"; path = "Resources/Icon-Small.png"; sourceTree = "<group>"; };
		07D263511816B28E0060E3E9 /* Icon-Small@2x.png */ = {isa = PBXFileReference; lastKnownFileType = image.png; name = "Icon-Small@2x.png"; path = "Resources/Icon-Small@2x.png"; sourceTree = "<group>"; };
		07D263531816B28E0060E3E9 /* Icon.png */ = {isa = PBXFileReference; lastKnownFileType = image.png; name = Icon.png; path = Resources/Icon.png; sourceTree = "<group>"; };
		07D263551816B28E0060E3E9 /* Icon@2x.png */ = {isa = PBXFileReference; lastKnownFileType = image.png; name = "Icon@2x.png"; path = "Resources/Icon@2x.png"; sourceTree = "<group>"; };
		07D263571816B28E0060E3E9 /* Info.plist */ = {isa = PBXFileReference; lastKnownFileType = text.plist.xml; name = Info.plist; path = Resources/Info.plist; sourceTree = "<group>"; };
		07D263581816B28E0060E3E9 /* iTunesArtwork */ = {isa = PBXFileReference; lastKnownFileType = file; name = iTunesArtwork; path = Resources/iTunesArtwork; sourceTree = "<group>"; };
		07D264CF1816B28F0060E3E9 /* Prefix.pch */ = {isa = PBXFileReference; lastKnownFileType = sourcecode.c.h; path = Prefix.pch; sourceTree = "<group>"; };
		07D264D01816B28F0060E3E9 /* main.m */ = {isa = PBXFileReference; lastKnownFileType = sourcecode.c.objc; path = main.m; sourceTree = "<group>"; };
		07D264E51816B64A0060E3E9 /* Specs.app */ = {isa = PBXFileReference; explicitFileType = wrapper.application; includeInIndex = 0; path = Specs.app; sourceTree = BUILT_PRODUCTS_DIR; };
		07D264EB1816B64A0060E3E9 /* Specs-Info.plist */ = {isa = PBXFileReference; lastKnownFileType = text.plist.xml; path = "Specs-Info.plist"; sourceTree = "<group>"; };
		07D264ED1816B64A0060E3E9 /* en */ = {isa = PBXFileReference; lastKnownFileType = text.plist.strings; name = en; path = en.lproj/InfoPlist.strings; sourceTree = "<group>"; };
		07D264EF1816B64A0060E3E9 /* main.m */ = {isa = PBXFileReference; lastKnownFileType = sourcecode.c.objc; path = main.m; sourceTree = "<group>"; };
		07D264F11816B64A0060E3E9 /* Specs-Prefix.pch */ = {isa = PBXFileReference; lastKnownFileType = sourcecode.c.h; path = "Specs-Prefix.pch"; sourceTree = "<group>"; };
		2E835FC4C4834368AA6DCF9E /* libPods.a */ = {isa = PBXFileReference; explicitFileType = archive.ar; includeInIndex = 0; path = libPods.a; sourceTree = BUILT_PRODUCTS_DIR; };
		2FA280A9F6A3A42AACBB0972 /* Buckets2D.h */ = {isa = PBXFileReference; fileEncoding = 4; lastKnownFileType = sourcecode.c.h; path = Buckets2D.h; sourceTree = "<group>"; };
		2FA28105F8AD8513D6714DA3 /* .!13545!TemplateIcon.icns */ = {isa = PBXFileReference; lastKnownFileType = image.icns; path = ".!13545!TemplateIcon.icns"; sourceTree = "<group>"; };
		2FA281E7BE0861494079A694 /* KaboomLevel.h */ = {isa = PBXFileReference; fileEncoding = 4; lastKnownFileType = sourcecode.c.h; path = KaboomLevel.h; sourceTree = "<group>"; };
		2FA2828C94913DB7D43B33D7 /* IntroLayer.h */ = {isa = PBXFileReference; fileEncoding = 4; lastKnownFileType = sourcecode.c.h; path = IntroLayer.h; sourceTree = "<group>"; };
		2FA2841FD75301789CE52605 /* RandomLocationChooser.m */ = {isa = PBXFileReference; fileEncoding = 4; lastKnownFileType = sourcecode.c.objc; path = RandomLocationChooser.m; sourceTree = "<group>"; };
		2FA284271FF8A675D4E0D818 /* Constants.h */ = {isa = PBXFileReference; fileEncoding = 4; lastKnownFileType = sourcecode.c.h; path = Constants.h; sourceTree = "<group>"; };
		2FA284445034A66D23A69772 /* Buckets2D.m */ = {isa = PBXFileReference; fileEncoding = 4; lastKnownFileType = sourcecode.c.objc; path = Buckets2D.m; sourceTree = "<group>"; };
		2FA285481EF46AADB0F024DB /* BomberSprite.m */ = {isa = PBXFileReference; fileEncoding = 4; lastKnownFileType = sourcecode.c.objc; path = BomberSprite.m; sourceTree = "<group>"; };
		2FA285C9DAB47003A6FBA0FA /* BucketsSprite.h */ = {isa = PBXFileReference; fileEncoding = 4; lastKnownFileType = sourcecode.c.h; path = BucketsSprite.h; sourceTree = "<group>"; };
		2FA286E20151357C47C0D9CF /* BomberSprite.h */ = {isa = PBXFileReference; fileEncoding = 4; lastKnownFileType = sourcecode.c.h; path = BomberSprite.h; sourceTree = "<group>"; };
		2FA2879935C30175FC46E403 /* buckets.png */ = {isa = PBXFileReference; lastKnownFileType = image.png; path = buckets.png; sourceTree = "<group>"; };
		2FA288C49F5E6138D1521493 /* Bomber2D.m */ = {isa = PBXFileReference; fileEncoding = 4; lastKnownFileType = sourcecode.c.objc; path = Bomber2D.m; sourceTree = "<group>"; };
		2FA2891355F773A6B44F6DEF /* RandomLocationChooser.h */ = {isa = PBXFileReference; fileEncoding = 4; lastKnownFileType = sourcecode.c.h; path = RandomLocationChooser.h; sourceTree = "<group>"; };
		2FA289283D7553CFAE0C517E /* RandomLocationChooserSpec.m */ = {isa = PBXFileReference; fileEncoding = 4; lastKnownFileType = sourcecode.c.objc; path = RandomLocationChooserSpec.m; sourceTree = "<group>"; };
		2FA2893A4D9A61B3A1D7A549 /* Buckets2DSpec.m */ = {isa = PBXFileReference; fileEncoding = 4; lastKnownFileType = sourcecode.c.objc; path = Buckets2DSpec.m; sourceTree = "<group>"; };
		2FA289962B51500947CF5EA5 /* Bomber.h */ = {isa = PBXFileReference; fileEncoding = 4; lastKnownFileType = sourcecode.c.h; path = Bomber.h; sourceTree = "<group>"; };
		2FA28A4CA415D5DBA2C1798E /* StandardRandomNumberGenerator.h */ = {isa = PBXFileReference; fileEncoding = 4; lastKnownFileType = sourcecode.c.h; path = StandardRandomNumberGenerator.h; sourceTree = "<group>"; };
		2FA28AA88E0D958362D9515B /* BucketsSprite.m */ = {isa = PBXFileReference; fileEncoding = 4; lastKnownFileType = sourcecode.c.objc; path = BucketsSprite.m; sourceTree = "<group>"; };
		2FA28C951EF791E384FF0C5E /* KaboomLevelSpec.m */ = {isa = PBXFileReference; fileEncoding = 4; lastKnownFileType = sourcecode.c.objc; path = KaboomLevelSpec.m; sourceTree = "<group>"; };
		2FA28CD18454BBC990A7AD78 /* BombingLayer.h */ = {isa = PBXFileReference; fileEncoding = 4; lastKnownFileType = sourcecode.c.h; path = BombingLayer.h; sourceTree = "<group>"; };
		2FA28CD73921DBD4533469C9 /* IntroLayer.m */ = {isa = PBXFileReference; fileEncoding = 4; lastKnownFileType = sourcecode.c.objc; path = IntroLayer.m; sourceTree = "<group>"; };
		2FA28D7F03762665680A3DCF /* RandomNumberGenerator.h */ = {isa = PBXFileReference; fileEncoding = 4; lastKnownFileType = sourcecode.c.h; path = RandomNumberGenerator.h; sourceTree = "<group>"; };
		2FA28DA8913787EE54AD3EA3 /* .!13545!TemplateIcon.icns */ = {isa = PBXFileReference; lastKnownFileType = image.icns; path = ".!13545!TemplateIcon.icns"; sourceTree = "<group>"; };
		2FA28DCCDD0B042977B8775F /* KaboomLevel.m */ = {isa = PBXFileReference; fileEncoding = 4; lastKnownFileType = sourcecode.c.objc; path = KaboomLevel.m; sourceTree = "<group>"; };
		2FA28DDCC3BE80B871DCA293 /* AppDelegate.h */ = {isa = PBXFileReference; fileEncoding = 4; lastKnownFileType = sourcecode.c.h; path = AppDelegate.h; sourceTree = "<group>"; };
		2FA28E033F3091031ECC9F1F /* LocationChooser.h */ = {isa = PBXFileReference; fileEncoding = 4; lastKnownFileType = sourcecode.c.h; path = LocationChooser.h; sourceTree = "<group>"; };
		2FA28E569B51FB5D94F34D3E /* bomber.png */ = {isa = PBXFileReference; lastKnownFileType = image.png; path = bomber.png; sourceTree = "<group>"; };
		2FA28EFAA67F8049B3B882B8 /* bomb.png */ = {isa = PBXFileReference; lastKnownFileType = image.png; path = bomb.png; sourceTree = "<group>"; };
		2FA28F21DFF4F53C8AC9C4EA /* StandardRandomNumberGenerator.m */ = {isa = PBXFileReference; fileEncoding = 4; lastKnownFileType = sourcecode.c.objc; path = StandardRandomNumberGenerator.m; sourceTree = "<group>"; };
		2FA28F43377C8334BFCE6A95 /* BombingLayer.m */ = {isa = PBXFileReference; fileEncoding = 4; lastKnownFileType = sourcecode.c.objc; path = BombingLayer.m; sourceTree = "<group>"; };
		2FA28F5202D6444CC2ABC705 /* AppDelegate.m */ = {isa = PBXFileReference; fileEncoding = 4; lastKnownFileType = sourcecode.c.objc; path = AppDelegate.m; sourceTree = "<group>"; };
		2FA28F71CD039144C4E294F7 /* Bomber2D.h */ = {isa = PBXFileReference; fileEncoding = 4; lastKnownFileType = sourcecode.c.h; path = Bomber2D.h; sourceTree = "<group>"; };
		3570B01B85C44B919B8556F1 /* Pods.xcconfig */ = {isa = PBXFileReference; includeInIndex = 1; lastKnownFileType = text.xcconfig; name = Pods.xcconfig; path = Pods/Pods.xcconfig; sourceTree = "<group>"; };
		3AC467CF45DB460C935BFE36 /* Pods-Kaboom.xcconfig */ = {isa = PBXFileReference; includeInIndex = 1; lastKnownFileType = text.xcconfig; name = "Pods-Kaboom.xcconfig"; path = "Pods/Pods-Kaboom.xcconfig"; sourceTree = "<group>"; };
		3ED61CA0C6924F2E930BD93C /* libPods-Kaboom.a */ = {isa = PBXFileReference; explicitFileType = archive.ar; includeInIndex = 0; path = "libPods-Kaboom.a"; sourceTree = BUILT_PRODUCTS_DIR; };
		799DE03DBF83466DBB282E6F /* Pods-Specs.xcconfig */ = {isa = PBXFileReference; includeInIndex = 1; lastKnownFileType = text.xcconfig; name = "Pods-Specs.xcconfig"; path = "Pods/Pods-Specs.xcconfig"; sourceTree = "<group>"; };
		B054B6BB2B7D42C19CBCC376 /* libPods-Specs.a */ = {isa = PBXFileReference; explicitFileType = archive.ar; includeInIndex = 0; path = "libPods-Specs.a"; sourceTree = BUILT_PRODUCTS_DIR; };
/* End PBXFileReference section */

/* Begin PBXFrameworksBuildPhase section */
		07D263271816B28E0060E3E9 /* Frameworks */ = {
			isa = PBXFrameworksBuildPhase;
			buildActionMask = 2147483647;
			files = (
				07D263321816B28E0060E3E9 /* OpenAL.framework in Frameworks */,
				07D263381816B28E0060E3E9 /* UIKit.framework in Frameworks */,
				07D2632E1816B28E0060E3E9 /* QuartzCore.framework in Frameworks */,
				07D263361816B28E0060E3E9 /* AVFoundation.framework in Frameworks */,
				07D2633C1816B28E0060E3E9 /* CoreGraphics.framework in Frameworks */,
				07D2633E1816B28E0060E3E9 /* CoreText.framework in Frameworks */,
				07D263301816B28E0060E3E9 /* OpenGLES.framework in Frameworks */,
				07D2633A1816B28E0060E3E9 /* Foundation.framework in Frameworks */,
				07D263341816B28E0060E3E9 /* AudioToolbox.framework in Frameworks */,
				07D263401816B28E0060E3E9 /* GameKit.framework in Frameworks */,
				D103E86B684445668EB844A3 /* libPods.a in Frameworks */,
			);
			runOnlyForDeploymentPostprocessing = 0;
		};
		07D264E11816B64A0060E3E9 /* Frameworks */ = {
			isa = PBXFrameworksBuildPhase;
			buildActionMask = 2147483647;
			files = (
				07D264E81816B64A0060E3E9 /* CoreGraphics.framework in Frameworks */,
				07D264E61816B64A0060E3E9 /* UIKit.framework in Frameworks */,
				07D264E71816B64A0060E3E9 /* Foundation.framework in Frameworks */,
				97625092F84B419FABCA0395 /* libPods-Specs.a in Frameworks */,
			);
			runOnlyForDeploymentPostprocessing = 0;
		};
/* End PBXFrameworksBuildPhase section */

/* Begin PBXGroup section */
		07D263211816B28E0060E3E9 = {
			isa = PBXGroup;
			children = (
				07D263411816B28E0060E3E9 /* Kaboom */,
				07D264E91816B64A0060E3E9 /* Specs */,
				07D2632C1816B28E0060E3E9 /* Frameworks */,
				07D2632B1816B28E0060E3E9 /* Products */,
				3570B01B85C44B919B8556F1 /* Pods.xcconfig */,
				799DE03DBF83466DBB282E6F /* Pods-Specs.xcconfig */,
				3AC467CF45DB460C935BFE36 /* Pods-Kaboom.xcconfig */,
			);
			sourceTree = "<group>";
		};
		07D2632B1816B28E0060E3E9 /* Products */ = {
			isa = PBXGroup;
			children = (
				07D2632A1816B28E0060E3E9 /* Kaboom.app */,
				07D264E51816B64A0060E3E9 /* Specs.app */,
			);
			name = Products;
			sourceTree = "<group>";
		};
		07D2632C1816B28E0060E3E9 /* Frameworks */ = {
			isa = PBXGroup;
			children = (
				07D2632D1816B28E0060E3E9 /* QuartzCore.framework */,
				07D2632F1816B28E0060E3E9 /* OpenGLES.framework */,
				07D263311816B28E0060E3E9 /* OpenAL.framework */,
				07D263331816B28E0060E3E9 /* AudioToolbox.framework */,
				07D263351816B28E0060E3E9 /* AVFoundation.framework */,
				07D263371816B28E0060E3E9 /* UIKit.framework */,
				07D263391816B28E0060E3E9 /* Foundation.framework */,
				07D2633B1816B28E0060E3E9 /* CoreGraphics.framework */,
				07D2633D1816B28E0060E3E9 /* CoreText.framework */,
				07D2633F1816B28E0060E3E9 /* GameKit.framework */,
				2E835FC4C4834368AA6DCF9E /* libPods.a */,
				B054B6BB2B7D42C19CBCC376 /* libPods-Specs.a */,
				3ED61CA0C6924F2E930BD93C /* libPods-Kaboom.a */,
			);
			name = Frameworks;
			sourceTree = "<group>";
		};
		07D263411816B28E0060E3E9 /* Kaboom */ = {
			isa = PBXGroup;
			children = (
				07D263421816B28E0060E3E9 /* Resources */,
				07D264CE1816B28F0060E3E9 /* Supporting Files */,
				2FA28E47EE21C30A5784314C /* Cocos */,
				2FA284445034A66D23A69772 /* Buckets2D.m */,
				2FA280A9F6A3A42AACBB0972 /* Buckets2D.h */,
				2FA288C49F5E6138D1521493 /* Bomber2D.m */,
				2FA28F71CD039144C4E294F7 /* Bomber2D.h */,
				2FA28E033F3091031ECC9F1F /* LocationChooser.h */,
				2FA2841FD75301789CE52605 /* RandomLocationChooser.m */,
				2FA2891355F773A6B44F6DEF /* RandomLocationChooser.h */,
				2FA28D7F03762665680A3DCF /* RandomNumberGenerator.h */,
				2FA28F21DFF4F53C8AC9C4EA /* StandardRandomNumberGenerator.m */,
				2FA28A4CA415D5DBA2C1798E /* StandardRandomNumberGenerator.h */,
				2FA284271FF8A675D4E0D818 /* Constants.h */,
				2FA283FB21DAC661A2A41C64 /* Utilities */,
				2FA28DCCDD0B042977B8775F /* KaboomLevel.m */,
				2FA281E7BE0861494079A694 /* KaboomLevel.h */,
				2FA289962B51500947CF5EA5 /* Bomber.h */,
			);
			path = Kaboom;
			sourceTree = "<group>";
		};
		07D263421816B28E0060E3E9 /* Resources */ = {
			isa = PBXGroup;
			children = (
				07D263431816B28E0060E3E9 /* Default.png */,
				07D263451816B28E0060E3E9 /* Default@2x.png */,
				07D263471816B28E0060E3E9 /* Default-568h@2x.png */,
				07D263491816B28E0060E3E9 /* Default-Landscape~ipad.png */,
				07D2634B1816B28E0060E3E9 /* Icon-72.png */,
				07D2634D1816B28E0060E3E9 /* Icon-Small-50.png */,
				07D2634F1816B28E0060E3E9 /* Icon-Small.png */,
				07D263511816B28E0060E3E9 /* Icon-Small@2x.png */,
				07D263531816B28E0060E3E9 /* Icon.png */,
				07D263551816B28E0060E3E9 /* Icon@2x.png */,
				07D263571816B28E0060E3E9 /* Info.plist */,
				07D263581816B28E0060E3E9 /* iTunesArtwork */,
				2FA2879935C30175FC46E403 /* buckets.png */,
				2FA28E569B51FB5D94F34D3E /* bomber.png */,
				2FA28EFAA67F8049B3B882B8 /* bomb.png */,
			);
			name = Resources;
			sourceTree = "<group>";
		};
		07D264CE1816B28F0060E3E9 /* Supporting Files */ = {
			isa = PBXGroup;
			children = (
				07D264CF1816B28F0060E3E9 /* Prefix.pch */,
				07D264D01816B28F0060E3E9 /* main.m */,
			);
			name = "Supporting Files";
			sourceTree = "<group>";
		};
		07D264E91816B64A0060E3E9 /* Specs */ = {
			isa = PBXGroup;
			children = (
				07D264EA1816B64A0060E3E9 /* Supporting Files */,
				2FA28105F8AD8513D6714DA3 /* .!13545!TemplateIcon.icns */,
				2FA2893A4D9A61B3A1D7A549 /* Buckets2DSpec.m */,
				07B38BE61817F2560065C07E /* Bomber2DSpec.m */,
				2FA289283D7553CFAE0C517E /* RandomLocationChooserSpec.m */,
				2FA287C679C14D69014463AE /* Utilities */,
				2FA28C951EF791E384FF0C5E /* KaboomLevelSpec.m */,
			);
			path = Specs;
			sourceTree = "<group>";
		};
		07D264EA1816B64A0060E3E9 /* Supporting Files */ = {
			isa = PBXGroup;
			children = (
				07D264EB1816B64A0060E3E9 /* Specs-Info.plist */,
				07D264EC1816B64A0060E3E9 /* InfoPlist.strings */,
				07D264EF1816B64A0060E3E9 /* main.m */,
				07D264F11816B64A0060E3E9 /* Specs-Prefix.pch */,
			);
			name = "Supporting Files";
			sourceTree = "<group>";
		};
		2FA283FB21DAC661A2A41C64 /* Utilities */ = {
			isa = PBXGroup;
			children = (
			);
			path = Utilities;
			sourceTree = "<group>";
		};
		2FA287C679C14D69014463AE /* Utilities */ = {
			isa = PBXGroup;
			children = (
				2FA28DA8913787EE54AD3EA3 /* .!13545!TemplateIcon.icns */,
			);
			path = Utilities;
			sourceTree = "<group>";
		};
		2FA28E47EE21C30A5784314C /* Cocos */ = {
			isa = PBXGroup;
			children = (
				2FA28DDCC3BE80B871DCA293 /* AppDelegate.h */,
				2FA2828C94913DB7D43B33D7 /* IntroLayer.h */,
				2FA28F43377C8334BFCE6A95 /* BombingLayer.m */,
				2FA28CD73921DBD4533469C9 /* IntroLayer.m */,
				2FA28F5202D6444CC2ABC705 /* AppDelegate.m */,
				2FA28CD18454BBC990A7AD78 /* BombingLayer.h */,
				2FA28AA88E0D958362D9515B /* BucketsSprite.m */,
				2FA285C9DAB47003A6FBA0FA /* BucketsSprite.h */,
				2FA285481EF46AADB0F024DB /* BomberSprite.m */,
				2FA286E20151357C47C0D9CF /* BomberSprite.h */,
			);
			path = Cocos;
			sourceTree = "<group>";
		};
/* End PBXGroup section */

/* Begin PBXNativeTarget section */
		07D263291816B28E0060E3E9 /* Kaboom */ = {
			isa = PBXNativeTarget;
			buildConfigurationList = 07D264DD1816B28F0060E3E9 /* Build configuration list for PBXNativeTarget "Kaboom" */;
			buildPhases = (
				EEF02B42967247F499DA9224 /* Check Pods Manifest.lock */,
				07D263261816B28E0060E3E9 /* Sources */,
				07D263271816B28E0060E3E9 /* Frameworks */,
				07D263281816B28E0060E3E9 /* Resources */,
				EBED0B916D9E43E9A086C495 /* Copy Pods Resources */,
			);
			buildRules = (
			);
			dependencies = (
			);
			name = Kaboom;
			productName = Kaboom;
			productReference = 07D2632A1816B28E0060E3E9 /* Kaboom.app */;
			productType = "com.apple.product-type.application";
		};
		07D264E41816B64A0060E3E9 /* Specs */ = {
			isa = PBXNativeTarget;
			buildConfigurationList = 07D264F21816B64A0060E3E9 /* Build configuration list for PBXNativeTarget "Specs" */;
			buildPhases = (
				7C8B8E5889074FA189FBEE7F /* Check Pods Manifest.lock */,
				07D264E01816B64A0060E3E9 /* Sources */,
				07D264E11816B64A0060E3E9 /* Frameworks */,
				07D264E21816B64A0060E3E9 /* Resources */,
				07D264E31816B64A0060E3E9 /* ShellScript */,
				D89A119804564803AC6F6B34 /* Copy Pods Resources */,
			);
			buildRules = (
			);
			dependencies = (
			);
			name = Specs;
			productName = Specs;
			productReference = 07D264E51816B64A0060E3E9 /* Specs.app */;
			productType = "com.apple.product-type.application";
		};
/* End PBXNativeTarget section */

/* Begin PBXProject section */
		07D263221816B28E0060E3E9 /* Project object */ = {
			isa = PBXProject;
			attributes = {
				LastUpgradeCheck = 0500;
				ORGANIZATIONNAME = "Eric Smith";
			};
			buildConfigurationList = 07D263251816B28E0060E3E9 /* Build configuration list for PBXProject "Kaboom" */;
			compatibilityVersion = "Xcode 3.2";
			developmentRegion = English;
			hasScannedForEncodings = 0;
			knownRegions = (
				en,
			);
			mainGroup = 07D263211816B28E0060E3E9;
			productRefGroup = 07D2632B1816B28E0060E3E9 /* Products */;
			projectDirPath = "";
			projectRoot = "";
			targets = (
				07D263291816B28E0060E3E9 /* Kaboom */,
				07D264E41816B64A0060E3E9 /* Specs */,
			);
		};
/* End PBXProject section */

/* Begin PBXResourcesBuildPhase section */
		07D263281816B28E0060E3E9 /* Resources */ = {
			isa = PBXResourcesBuildPhase;
			buildActionMask = 2147483647;
			files = (
				07D263541816B28E0060E3E9 /* Icon.png in Resources */,
				07D263461816B28E0060E3E9 /* Default@2x.png in Resources */,
				07D263501816B28E0060E3E9 /* Icon-Small.png in Resources */,
				07D2634C1816B28E0060E3E9 /* Icon-72.png in Resources */,
				07D263441816B28E0060E3E9 /* Default.png in Resources */,
				07D2634E1816B28E0060E3E9 /* Icon-Small-50.png in Resources */,
				07D263591816B28E0060E3E9 /* iTunesArtwork in Resources */,
				07D263521816B28E0060E3E9 /* Icon-Small@2x.png in Resources */,
				07D2634A1816B28E0060E3E9 /* Default-Landscape~ipad.png in Resources */,
				07D263481816B28E0060E3E9 /* Default-568h@2x.png in Resources */,
				07D263561816B28E0060E3E9 /* Icon@2x.png in Resources */,
				2FA2898DEF1DCCF802D7C7C2 /* .!13545!TemplateIcon.icns in Resources */,
				2FA28917A410A7D71147541B /* buckets.png in Resources */,
				2FA28F2DA1C7B230BD8889A6 /* bomber.png in Resources */,
				2FA281B6E050D46C06F78375 /* bomb.png in Resources */,
				2FA2858789EE92F19F7716C3 /* .!13545!TemplateIcon.icns in Resources */,
			);
			runOnlyForDeploymentPostprocessing = 0;
		};
		07D264E21816B64A0060E3E9 /* Resources */ = {
			isa = PBXResourcesBuildPhase;
			buildActionMask = 2147483647;
			files = (
				07D264EE1816B64A0060E3E9 /* InfoPlist.strings in Resources */,
				2FA28DF15037C1C0F5A6C777 /* .!13545!TemplateIcon.icns in Resources */,
			);
			runOnlyForDeploymentPostprocessing = 0;
		};
/* End PBXResourcesBuildPhase section */

/* Begin PBXShellScriptBuildPhase section */
		07D264E31816B64A0060E3E9 /* ShellScript */ = {
			isa = PBXShellScriptBuildPhase;
			buildActionMask = 2147483647;
			files = (
			);
			inputPaths = (
			);
			outputPaths = (
			);
			runOnlyForDeploymentPostprocessing = 0;
			shellPath = /bin/sh;
			shellScript = "#!/bin/bash\n#  RunIPhoneUnitTest.sh\n#  Copyright 2008 Google Inc.\n#\n#  Licensed under the Apache License, Version 2.0 (the \"License\"); you may not\n#  use this file except in compliance with the License.  You may obtain a copy\n#  of the License at\n#\n#  http://www.apache.org/licenses/LICENSE-2.0\n#\n#  Unless required by applicable law or agreed to in writing, software\n#  distributed under the License is distributed on an \"AS IS\" BASIS, WITHOUT\n#  WARRANTIES OR CONDITIONS OF ANY KIND, either express or implied.  See the\n#  License for the specific language governing permissions and limitations under\n#  the License.\n#\n#  Runs all unittests through the iPhone simulator. We don't handle running them\n#  on the device. To run on the device just choose \"run\".\n\nset -o errexit\nset -o nounset\nset -o verbose\n\n#  Controlling environment variables:\n# GTM_DISABLE_ZOMBIES -\n#   Set to a non-zero value to turn on zombie checks. You will probably\n#   want to turn this off if you enable leaks.\nGTM_DISABLE_ZOMBIES=${GTM_DISABLE_ZOMBIES:=1}\n\n# GTM_ENABLE_LEAKS -\n#   Set to a non-zero value to turn on the leaks check. You will probably want\n#   to disable zombies, otherwise you will get a lot of false positives.\n\n# GTM_DISABLE_TERMINATION\n#   Set to a non-zero value so that the app doesn't terminate when it's finished\n#   running tests. This is useful when using it with external tools such\n#   as Instruments.\n\n# GTM_LEAKS_SYMBOLS_TO_IGNORE\n#   List of comma separated symbols that leaks should ignore. Mainly to control\n#   leaks in frameworks you don't have control over.\n#   Search this file for GTM_LEAKS_SYMBOLS_TO_IGNORE to see examples.\n#   Please feel free to add other symbols as you find them but make sure to\n#   reference Radars or other bug systems so we can track them.\n\n# GTM_REMOVE_GCOV_DATA\n#   Before starting the test, remove any *.gcda files for the current run so\n#   you won't get failures when the source file has changed and the data can't\n#   be merged.\n#\nGTM_REMOVE_GCOV_DATA=${GTM_REMOVE_GCOV_DATA:=0}\n\n# GTM_DISABLE_USERDIR_SETUP\n#   Controls whether or not CFFIXED_USER_HOME is erased and set up from scratch\n#   for you each time the script is run. In some cases you may have a wrapper\n#   script calling this one that takes care of that for us so you can set up\n#   a certain user configuration.\nGTM_DISABLE_USERDIR_SETUP=${GTM_DISABLE_USERDIR_SETUP:=0}\n\n# GTM_DISABLE_IPHONE_LAUNCH_DAEMONS\n#   Controls whether or not we launch up the iPhone Launch Daemons before\n#   we start testing. You need Launch Daemons to test anything that interacts\n#   with security.\nGTM_DISABLE_IPHONE_LAUNCH_DAEMONS=1 #${GTM_DISABLE_IPHONE_LAUNCH_DAEMONS:=0}\n\nScriptDir=$(dirname \"$(echo $0 | sed -e \"s,^\\([^/]\\),$(pwd)/\\1,\")\")\nScriptName=$(basename \"$0\")\nThisScript=\"${ScriptDir}/${ScriptName}\"\n\nGTMXcodeNote() {\n    echo ${ThisScript}:${1}: note: GTM ${2}\n}\n\nif [ \"$PLATFORM_NAME\" == \"iphonesimulator\" ]; then\n  # We kill the iPhone simulator because otherwise we run into issues where\n  # the unittests fail becuase the simulator is currently running, and\n  # at this time the iPhone SDK won't allow two simulators running at the same\n  # time.\n  set +e\n  /usr/bin/killall \"iPhone Simulator\"\n  set -e\n\n  if [ $GTM_REMOVE_GCOV_DATA -ne 0 ]; then\n    if [ \"${OBJECT_FILE_DIR}-${CURRENT_VARIANT}\" != \"-\" ]; then\n      if [ -d \"${OBJECT_FILE_DIR}-${CURRENT_VARIANT}\" ]; then\n        GTMXcodeNote ${LINENO} \"Removing any .gcda files\"\n        (cd \"${OBJECT_FILE_DIR}-${CURRENT_VARIANT}\" && \\\n            find . -type f -name \"*.gcda\" -print0 | xargs -0 rm -f )\n      fi\n    fi\n  fi\n\n  export DYLD_ROOT_PATH=\"$SDKROOT\"\n  export DYLD_FRAMEWORK_PATH=\"$CONFIGURATION_BUILD_DIR\"\n  export IPHONE_SIMULATOR_ROOT=\"$SDKROOT\"\n  export CFFIXED_USER_HOME=\"$TEMP_FILES_DIR/iPhone Simulator User Dir\"\n\n  # See http://developer.apple.com/technotes/tn2004/tn2124.html for an\n  # explanation of these environment variables.\n\n  #export MallocScribble=YES\n  export MallocPreScribble=YES\n  #export MallocGuardEdges=YES\n  #export MallocStackLogging=YES\n  export NSAutoreleaseFreedObjectCheckEnabled=YES\n\n  # Turn on the mostly undocumented OBJC_DEBUG stuff.\n  export OBJC_DEBUG_FRAGILE_SUPERCLASSES=YES\n  export OBJC_DEBUG_UNLOAD=YES\n  # Turned off due to the amount of false positives from NS classes.\n  # export OBJC_DEBUG_FINALIZERS=YES\n  export OBJC_DEBUG_NIL_SYNC=YES\n  export OBJC_PRINT_REPLACED_METHODS=NO\n\n  if [ $GTM_DISABLE_ZOMBIES -eq 0 ]; then\n    GTMXcodeNote ${LINENO} \"Enabling zombies\"\n    export CFZombieLevel=3\n    export NSZombieEnabled=YES\n  fi\n\n  if [ $GTM_DISABLE_USERDIR_SETUP -eq 0 ]; then\n    # Cleanup user home directory\n    if [ -d \"$CFFIXED_USER_HOME\" ]; then\n      rm -rf \"$CFFIXED_USER_HOME\"\n    fi\n    mkdir \"$CFFIXED_USER_HOME\"\n    mkdir \"$CFFIXED_USER_HOME/Documents\"\n    mkdir -p \"$CFFIXED_USER_HOME/Library/Caches\"\n  fi\n\n  # 6251475 iPhone simulator leaks @ CFHTTPCookieStore shutdown if\n  #         CFFIXED_USER_HOME empty\n  GTM_LEAKS_SYMBOLS_TO_IGNORE=\"CFHTTPCookieStore\"\n\n  if [ $GTM_DISABLE_IPHONE_LAUNCH_DAEMONS -eq 0 ]; then\n    # If we want to test anything that interacts with the keychain, we need\n    # securityd up and running. See RunIPhoneLaunchDaemons.sh for details.\n    launchctl submit -l RunIPhoneLaunchDaemons -- \"${ScriptDir}/RunIPhoneLaunchDaemons.sh\" $IPHONE_SIMULATOR_ROOT $CFFIXED_USER_HOME\n    # No matter how we exit, we want to shut down our launchctl job.\n    trap \"launchctl remove RunIPhoneLaunchDaemons\" INT TERM EXIT\n  fi\n\n  # Start our app.\n  \"$TARGET_BUILD_DIR/$EXECUTABLE_PATH\" -RegisterForSystemEvents\n\nelse\n  GTMXcodeNote ${LINENO} \"Skipping running of unittests for device build.\"\nfi\nexit 0";
		};
		7C8B8E5889074FA189FBEE7F /* Check Pods Manifest.lock */ = {
			isa = PBXShellScriptBuildPhase;
			buildActionMask = 2147483647;
			files = (
			);
			inputPaths = (
			);
			name = "Check Pods Manifest.lock";
			outputPaths = (
			);
			runOnlyForDeploymentPostprocessing = 0;
			shellPath = /bin/sh;
			shellScript = "diff \"${PODS_ROOT}/../Podfile.lock\" \"${PODS_ROOT}/Manifest.lock\" > /dev/null\nif [[ $? != 0 ]] ; then\n    cat << EOM\nerror: The sandbox is not in sync with the Podfile.lock. Run 'pod install' or update your CocoaPods installation.\nEOM\n    exit 1\nfi\n";
			showEnvVarsInLog = 0;
		};
		D89A119804564803AC6F6B34 /* Copy Pods Resources */ = {
			isa = PBXShellScriptBuildPhase;
			buildActionMask = 2147483647;
			files = (
			);
			inputPaths = (
			);
			name = "Copy Pods Resources";
			outputPaths = (
			);
			runOnlyForDeploymentPostprocessing = 0;
			shellPath = /bin/sh;
			shellScript = "\"${SRCROOT}/Pods/Pods-Specs-resources.sh\"\n";
			showEnvVarsInLog = 0;
		};
		EBED0B916D9E43E9A086C495 /* Copy Pods Resources */ = {
			isa = PBXShellScriptBuildPhase;
			buildActionMask = 2147483647;
			files = (
			);
			inputPaths = (
			);
			name = "Copy Pods Resources";
			outputPaths = (
			);
			runOnlyForDeploymentPostprocessing = 0;
			shellPath = /bin/sh;
			shellScript = "\"${SRCROOT}/Pods/Pods-Kaboom-resources.sh\"\n";
			showEnvVarsInLog = 0;
		};
		EEF02B42967247F499DA9224 /* Check Pods Manifest.lock */ = {
			isa = PBXShellScriptBuildPhase;
			buildActionMask = 2147483647;
			files = (
			);
			inputPaths = (
			);
			name = "Check Pods Manifest.lock";
			outputPaths = (
			);
			runOnlyForDeploymentPostprocessing = 0;
			shellPath = /bin/sh;
			shellScript = "diff \"${PODS_ROOT}/../Podfile.lock\" \"${PODS_ROOT}/Manifest.lock\" > /dev/null\nif [[ $? != 0 ]] ; then\n    cat << EOM\nerror: The sandbox is not in sync with the Podfile.lock. Run 'pod install' or update your CocoaPods installation.\nEOM\n    exit 1\nfi\n";
			showEnvVarsInLog = 0;
		};
/* End PBXShellScriptBuildPhase section */

/* Begin PBXSourcesBuildPhase section */
		07D263261816B28E0060E3E9 /* Sources */ = {
			isa = PBXSourcesBuildPhase;
			buildActionMask = 2147483647;
			files = (
				07D264D11816B28F0060E3E9 /* main.m in Sources */,
				2FA28C81C391BD41E6ACAA07 /* BombingLayer.m in Sources */,
				2FA289EA7F577BC6EAFF9AAD /* IntroLayer.m in Sources */,
				2FA2889AADDBAFFEC7433782 /* AppDelegate.m in Sources */,
				2FA285B1824CBBFED0CDF631 /* Buckets2D.m in Sources */,
				2FA288FEE49CFAADEEA0BF55 /* BucketsSprite.m in Sources */,
				2FA28446EDF0DD2103EEDC43 /* Bomber2D.m in Sources */,
				2FA28591DA97CC60FF6CFBB8 /* RandomLocationChooser.m in Sources */,
				2FA2866F546500DC3C127660 /* StandardRandomNumberGenerator.m in Sources */,
				2FA28C456D50E80F1F5FF4C8 /* BomberSprite.m in Sources */,
				2FA2883B02F5B0DE568C0706 /* KaboomLevel.m in Sources */,
			);
			runOnlyForDeploymentPostprocessing = 0;
		};
		07D264E01816B64A0060E3E9 /* Sources */ = {
			isa = PBXSourcesBuildPhase;
			buildActionMask = 2147483647;
			files = (
				07D264F01816B64A0060E3E9 /* main.m in Sources */,
				07B38BE71817F2560065C07E /* Bomber2DSpec.m in Sources */,
				2FA28A2FCE93A3EFF656B840 /* Buckets2DSpec.m in Sources */,
				2FA28275A7EDE30FE9BC8AE6 /* Buckets2D.m in Sources */,
				2FA28EFCBF7E9A44AB505581 /* Bomber2D.m in Sources */,
				2FA280449616A84071160E28 /* RandomLocationChooserSpec.m in Sources */,
				2FA2897B2FC16B183100CF7F /* RandomLocationChooser.m in Sources */,
				2FA28067662F9A354E862A05 /* StandardRandomNumberGenerator.m in Sources */,
				2FA2850029BDCDB0D2BE7EBC /* KaboomLevelSpec.m in Sources */,
				2FA28D1BBCF9EAF7B2B86FA9 /* KaboomLevel.m in Sources */,
			);
			runOnlyForDeploymentPostprocessing = 0;
		};
/* End PBXSourcesBuildPhase section */

/* Begin PBXVariantGroup section */
		07D264EC1816B64A0060E3E9 /* InfoPlist.strings */ = {
			isa = PBXVariantGroup;
			children = (
				07D264ED1816B64A0060E3E9 /* en */,
			);
			name = InfoPlist.strings;
			sourceTree = "<group>";
		};
/* End PBXVariantGroup section */

/* Begin XCBuildConfiguration section */
		07D264DB1816B28F0060E3E9 /* Debug */ = {
			isa = XCBuildConfiguration;
			buildSettings = {
				ARCHS = "$(ARCHS_STANDARD)";
				"CODE_SIGN_IDENTITY[sdk=iphoneos*]" = "iPhone Developer";
				GCC_C_LANGUAGE_STANDARD = gnu99;
				GCC_OPTIMIZATION_LEVEL = 0;
				GCC_PREPROCESSOR_DEFINITIONS = (
					DEBUG,
					"COCOS2D_DEBUG=1",
				);
				GCC_SYMBOLS_PRIVATE_EXTERN = NO;
				GCC_VERSION = com.apple.compilers.llvm.clang.1_0;
				GCC_WARN_ABOUT_RETURN_TYPE = YES;
				GCC_WARN_UNUSED_VARIABLE = YES;
				IPHONEOS_DEPLOYMENT_TARGET = 4.0;
				ONLY_ACTIVE_ARCH = YES;
				SDKROOT = iphoneos;
				TARGETED_DEVICE_FAMILY = "1,2";
			};
			name = Debug;
		};
		07D264DC1816B28F0060E3E9 /* Release */ = {
			isa = XCBuildConfiguration;
			buildSettings = {
				ARCHS = "$(ARCHS_STANDARD)";
				"CODE_SIGN_IDENTITY[sdk=iphoneos*]" = "iPhone Developer";
				GCC_C_LANGUAGE_STANDARD = gnu99;
				GCC_PREPROCESSOR_DEFINITIONS = (
					NDEBUG,
					"NS_BLOCK_ASSERTIONS=1",
				);
				GCC_VERSION = com.apple.compilers.llvm.clang.1_0;
				GCC_WARN_ABOUT_RETURN_TYPE = YES;
				GCC_WARN_UNUSED_VARIABLE = YES;
				IPHONEOS_DEPLOYMENT_TARGET = 4.0;
				ONLY_ACTIVE_ARCH = YES;
				SDKROOT = iphoneos;
				TARGETED_DEVICE_FAMILY = "1,2";
			};
			name = Release;
		};
		07D264DE1816B28F0060E3E9 /* Debug */ = {
			isa = XCBuildConfiguration;
			baseConfigurationReference = 3AC467CF45DB460C935BFE36 /* Pods-Kaboom.xcconfig */;
			buildSettings = {
				ALWAYS_SEARCH_USER_PATHS = NO;
				ARCHS = "$(ARCHS_STANDARD)";
				CLANG_ENABLE_OBJC_ARC = YES;
				COPY_PHASE_STRIP = NO;
				GCC_DYNAMIC_NO_PIC = NO;
				GCC_PRECOMPILE_PREFIX_HEADER = YES;
				GCC_PREFIX_HEADER = Kaboom/Prefix.pch;
				HEADER_SEARCH_PATHS = "$(inherited)";
				INFOPLIST_FILE = Kaboom/Resources/Info.plist;
				OTHER_LDFLAGS = (
					"$(inherited)",
					"-lz",
					"-lsqlite3",
					"-ObjC",
				);
				PRODUCT_NAME = "$(TARGET_NAME)";
				WRAPPER_EXTENSION = app;
			};
			name = Debug;
		};
		07D264DF1816B28F0060E3E9 /* Release */ = {
			isa = XCBuildConfiguration;
			baseConfigurationReference = 3AC467CF45DB460C935BFE36 /* Pods-Kaboom.xcconfig */;
			buildSettings = {
				ALWAYS_SEARCH_USER_PATHS = NO;
				ARCHS = "$(ARCHS_STANDARD)";
				CLANG_ENABLE_OBJC_ARC = YES;
				COPY_PHASE_STRIP = YES;
				GCC_PRECOMPILE_PREFIX_HEADER = YES;
				GCC_PREFIX_HEADER = Kaboom/Prefix.pch;
				HEADER_SEARCH_PATHS = "$(inherited)";
				INFOPLIST_FILE = Kaboom/Resources/Info.plist;
				OTHER_LDFLAGS = (
					"$(inherited)",
					"-lz",
					"-lsqlite3",
					"-ObjC",
				);
				PRODUCT_NAME = "$(TARGET_NAME)";
				VALIDATE_PRODUCT = YES;
				WRAPPER_EXTENSION = app;
			};
			name = Release;
		};
		07D264F31816B64A0060E3E9 /* Debug */ = {
			isa = XCBuildConfiguration;
			baseConfigurationReference = 799DE03DBF83466DBB282E6F /* Pods-Specs.xcconfig */;
			buildSettings = {
				ALWAYS_SEARCH_USER_PATHS = NO;
				ARCHS = "$(ARCHS_STANDARD)";
				CLANG_CXX_LANGUAGE_STANDARD = "gnu++0x";
				CLANG_CXX_LIBRARY = "libc++";
				CLANG_ENABLE_MODULES = YES;
				CLANG_ENABLE_OBJC_ARC = YES;
				CLANG_WARN_BOOL_CONVERSION = YES;
				CLANG_WARN_CONSTANT_CONVERSION = YES;
				CLANG_WARN_DIRECT_OBJC_ISA_USAGE = YES_ERROR;
				CLANG_WARN_EMPTY_BODY = YES;
				CLANG_WARN_ENUM_CONVERSION = YES;
				CLANG_WARN_INT_CONVERSION = YES;
				CLANG_WARN_OBJC_ROOT_CLASS = YES_ERROR;
				CLANG_WARN__DUPLICATE_METHOD_MATCH = YES;
				COPY_PHASE_STRIP = NO;
				GCC_DYNAMIC_NO_PIC = NO;
				GCC_PRECOMPILE_PREFIX_HEADER = YES;
				GCC_PREFIX_HEADER = "Specs/Specs-Prefix.pch";
				GCC_PREPROCESSOR_DEFINITIONS = (
					"DEBUG=1",
					"$(inherited)",
				);
				GCC_WARN_64_TO_32_BIT_CONVERSION = YES;
				GCC_WARN_ABOUT_RETURN_TYPE = YES_ERROR;
				GCC_WARN_UNDECLARED_SELECTOR = YES;
				GCC_WARN_UNINITIALIZED_AUTOS = YES;
				GCC_WARN_UNUSED_FUNCTION = YES;
				INFOPLIST_FILE = "Specs/Specs-Info.plist";
				IPHONEOS_DEPLOYMENT_TARGET = 7.0;
				ONLY_ACTIVE_ARCH = YES;
				PRODUCT_NAME = "$(TARGET_NAME)";
				WRAPPER_EXTENSION = app;
			};
			name = Debug;
		};
		07D264F41816B64A0060E3E9 /* Release */ = {
			isa = XCBuildConfiguration;
			baseConfigurationReference = 799DE03DBF83466DBB282E6F /* Pods-Specs.xcconfig */;
			buildSettings = {
				ALWAYS_SEARCH_USER_PATHS = NO;
				ARCHS = "$(ARCHS_STANDARD)";
				CLANG_CXX_LANGUAGE_STANDARD = "gnu++0x";
				CLANG_CXX_LIBRARY = "libc++";
				CLANG_ENABLE_MODULES = YES;
				CLANG_ENABLE_OBJC_ARC = YES;
				CLANG_WARN_BOOL_CONVERSION = YES;
				CLANG_WARN_CONSTANT_CONVERSION = YES;
				CLANG_WARN_DIRECT_OBJC_ISA_USAGE = YES_ERROR;
				CLANG_WARN_EMPTY_BODY = YES;
				CLANG_WARN_ENUM_CONVERSION = YES;
				CLANG_WARN_INT_CONVERSION = YES;
				CLANG_WARN_OBJC_ROOT_CLASS = YES_ERROR;
				CLANG_WARN__DUPLICATE_METHOD_MATCH = YES;
				COPY_PHASE_STRIP = YES;
				ENABLE_NS_ASSERTIONS = NO;
				GCC_PRECOMPILE_PREFIX_HEADER = YES;
				GCC_PREFIX_HEADER = "Specs/Specs-Prefix.pch";
				GCC_WARN_64_TO_32_BIT_CONVERSION = YES;
				GCC_WARN_ABOUT_RETURN_TYPE = YES_ERROR;
				GCC_WARN_UNDECLARED_SELECTOR = YES;
				GCC_WARN_UNINITIALIZED_AUTOS = YES;
				GCC_WARN_UNUSED_FUNCTION = YES;
				INFOPLIST_FILE = "Specs/Specs-Info.plist";
				IPHONEOS_DEPLOYMENT_TARGET = 7.0;
				OTHER_CFLAGS = "-DNS_BLOCK_ASSERTIONS=1";
				PRODUCT_NAME = "$(TARGET_NAME)";
				VALIDATE_PRODUCT = YES;
				WRAPPER_EXTENSION = app;
			};
			name = Release;
		};
/* End XCBuildConfiguration section */

/* Begin XCConfigurationList section */
		07D263251816B28E0060E3E9 /* Build configuration list for PBXProject "Kaboom" */ = {
			isa = XCConfigurationList;
			buildConfigurations = (
				07D264DB1816B28F0060E3E9 /* Debug */,
				07D264DC1816B28F0060E3E9 /* Release */,
			);
			defaultConfigurationIsVisible = 0;
			defaultConfigurationName = Release;
		};
		07D264DD1816B28F0060E3E9 /* Build configuration list for PBXNativeTarget "Kaboom" */ = {
			isa = XCConfigurationList;
			buildConfigurations = (
				07D264DE1816B28F0060E3E9 /* Debug */,
				07D264DF1816B28F0060E3E9 /* Release */,
			);
			defaultConfigurationIsVisible = 0;
			defaultConfigurationName = Release;
		};
		07D264F21816B64A0060E3E9 /* Build configuration list for PBXNativeTarget "Specs" */ = {
			isa = XCConfigurationList;
			buildConfigurations = (
				07D264F31816B64A0060E3E9 /* Debug */,
				07D264F41816B64A0060E3E9 /* Release */,
			);
			defaultConfigurationIsVisible = 0;
			defaultConfigurationName = Release;
		};
/* End XCConfigurationList section */
	};
	rootObject = 07D263221816B28E0060E3E9 /* Project object */;
}
