PODS:
  - cocos2d (2.1):
    - cocos2d/CocosDenshion
  - cocos2d/CocosDenshion (2.1)
  - Kiwi/ARC (2.2.4)
  - Kiwi/NonARC (2.2.4)
  - Kiwi/XCTest (2.2.4):
    - Kiwi/ARC
    - Kiwi/NonARC
  - TransitionKit (2.0.0)
  - Underscore.m (0.2.1)

DEPENDENCIES:
  - cocos2d
  - Kiwi/XCTest
  - TransitionKit (~> 2.0.0)
  - Underscore.m (~> 0.2.1)

SPEC CHECKSUMS:
  cocos2d: 1ee107ccb03edf8f72f846e87b7d71c96fbfe6bc
  Kiwi: d60d7498b640a16f58b01925fc3c8d7c4d809f66
  TransitionKit: 433284465abacdc07852d7db6dd0cc075010059a
  Underscore.m: 593ea54a19d3cc4439387a83d36eb7ba6ffd1707

COCOAPODS: 0.29.0
