PODS:
  - cocos2d (2.1):
    - cocos2d/CocosDenshion
  - cocos2d/CocosDenshion (2.1)
  - OCDSpec2 (1.5.1)
  - OCMock (2.2.1)
  - TransitionKit (2.0.0)

DEPENDENCIES:
  - cocos2d
  - OCDSpec2
  - OCMock
  - TransitionKit (~> 2.0.0)

SPEC CHECKSUMS:
  cocos2d: 1ee107ccb03edf8f72f846e87b7d71c96fbfe6bc
  OCDSpec2: 69409a830da0e0ad80ea0cb6082cf29b6d148c27
  OCMock: 80e4cfbc71a0e1bd28caf10a9fda27da7c4c8402
  TransitionKit: 433284465abacdc07852d7db6dd0cc075010059a

COCOAPODS: 0.29.0
